// !$*UTF8*$!
{
	archiveVersion = 1;
	classes = {
	};
	objectVersion = 56;
	objects = {

/* Begin PBXBuildFile section */
		474575EE29A4DEBD0031F1E5 /* LoginUseCase.swift in Sources */ = {isa = PBXBuildFile; fileRef = 474575ED29A4DEBD0031F1E5 /* LoginUseCase.swift */; };
		474575F029A4E1FA0031F1E5 /* DefaultLoginUseCase.swift in Sources */ = {isa = PBXBuildFile; fileRef = 474575EF29A4E1FA0031F1E5 /* DefaultLoginUseCase.swift */; };
		474A62B629A22E42002176AB /* ASAuthorizationControllerProxy.swift in Sources */ = {isa = PBXBuildFile; fileRef = 474A62B529A22E42002176AB /* ASAuthorizationControllerProxy.swift */; };
		474A62B829A2346A002176AB /* AuthenticationServices+Rx.swift in Sources */ = {isa = PBXBuildFile; fileRef = 474A62B729A2346A002176AB /* AuthenticationServices+Rx.swift */; };
		47549417298E4C16008B581D /* UIViewController+.swift in Sources */ = {isa = PBXBuildFile; fileRef = 47549416298E4C16008B581D /* UIViewController+.swift */; };
		47549424298F966B008B581D /* AlertType.swift in Sources */ = {isa = PBXBuildFile; fileRef = 47549423298F966B008B581D /* AlertType.swift */; };
		4754942829900414008B581D /* DefaultDayengCacheService.swift in Sources */ = {isa = PBXBuildFile; fileRef = 4754942729900414008B581D /* DefaultDayengCacheService.swift */; };
		4761475929DE68E7000349B1 /* AuthService.swift in Sources */ = {isa = PBXBuildFile; fileRef = 4761475829DE68E7000349B1 /* AuthService.swift */; };
		4761475B29DE68F1000349B1 /* DefaultAuthService.swift in Sources */ = {isa = PBXBuildFile; fileRef = 4761475A29DE68F1000349B1 /* DefaultAuthService.swift */; };
		476A62672993FE010074231E /* Question.swift in Sources */ = {isa = PBXBuildFile; fileRef = 476A62662993FE010074231E /* Question.swift */; };
		476A62692993FE460074231E /* QuestionDTO.swift in Sources */ = {isa = PBXBuildFile; fileRef = 476A62682993FE460074231E /* QuestionDTO.swift */; };
		476A626D2996646A0074231E /* DayengCacheService.swift in Sources */ = {isa = PBXBuildFile; fileRef = 476A626C2996646A0074231E /* DayengCacheService.swift */; };
		477800F5299B64FC008FFE79 /* DayengDefaults.swift in Sources */ = {isa = PBXBuildFile; fileRef = 477800F4299B64FC008FFE79 /* DayengDefaults.swift */; };
		47811A5C29D97C0D00E672AF /* FirebaseAuthService.swift in Sources */ = {isa = PBXBuildFile; fileRef = 47811A5B29D97C0D00E672AF /* FirebaseAuthService.swift */; };
		47811A5E29D97C1900E672AF /* DefaultFirebaseAuthService.swift in Sources */ = {isa = PBXBuildFile; fileRef = 47811A5D29D97C1900E672AF /* DefaultFirebaseAuthService.swift */; };
		4794DB1829B3494B0032AF86 /* SettingUseCase.swift in Sources */ = {isa = PBXBuildFile; fileRef = 4794DB1729B3494B0032AF86 /* SettingUseCase.swift */; };
		4794DB1A29B349580032AF86 /* DefaultSettingUseCase.swift in Sources */ = {isa = PBXBuildFile; fileRef = 4794DB1929B349580032AF86 /* DefaultSettingUseCase.swift */; };
		4799A65829A7E2380071F8F9 /* DefaultAppleLoginService.swift in Sources */ = {isa = PBXBuildFile; fileRef = 4799A65729A7E2380071F8F9 /* DefaultAppleLoginService.swift */; };
		47B5083F29A9E4490046A982 /* RxKakaoSDKAuth in Frameworks */ = {isa = PBXBuildFile; productRef = 47B5083E29A9E4490046A982 /* RxKakaoSDKAuth */; };
		47B5084129A9E4490046A982 /* RxKakaoSDKCommon in Frameworks */ = {isa = PBXBuildFile; productRef = 47B5084029A9E4490046A982 /* RxKakaoSDKCommon */; };
		47B5084329A9E4490046A982 /* RxKakaoSDKUser in Frameworks */ = {isa = PBXBuildFile; productRef = 47B5084229A9E4490046A982 /* RxKakaoSDKUser */; };
		47B5084529AA02AF0046A982 /* KakaoLoginService.swift in Sources */ = {isa = PBXBuildFile; fileRef = 47B5084429AA02AF0046A982 /* KakaoLoginService.swift */; };
		47B5084729AA53A10046A982 /* AppleLoginService.swift in Sources */ = {isa = PBXBuildFile; fileRef = 47B5084629AA53A10046A982 /* AppleLoginService.swift */; };
		47B5084929AA7CB00046A982 /* DefaultKakaoLoginService.swift in Sources */ = {isa = PBXBuildFile; fileRef = 47B5084829AA7CB00046A982 /* DefaultKakaoLoginService.swift */; };
		47C38781298E390D0030833F /* DayengAlertViewController.swift in Sources */ = {isa = PBXBuildFile; fileRef = 47C38780298E390D0030833F /* DayengAlertViewController.swift */; };
		47C75ABC2A062CAF0070405E /* UITextfield+.swift in Sources */ = {isa = PBXBuildFile; fileRef = 47C75ABB2A062CAF0070405E /* UITextfield+.swift */; };
		47C75ABE2A0633DD0070405E /* PaddingLabel.swift in Sources */ = {isa = PBXBuildFile; fileRef = 47C75ABD2A0633DD0070405E /* PaddingLabel.swift */; };
		47D18359298A86F10058C0EC /* LoginViewController.swift in Sources */ = {isa = PBXBuildFile; fileRef = 47D18358298A86F10058C0EC /* LoginViewController.swift */; };
		47D1835B298A8DDD0058C0EC /* AuthButton.swift in Sources */ = {isa = PBXBuildFile; fileRef = 47D1835A298A8DDD0058C0EC /* AuthButton.swift */; };
		47D1835D298A92C10058C0EC /* AuthType.swift in Sources */ = {isa = PBXBuildFile; fileRef = 47D1835C298A92C10058C0EC /* AuthType.swift */; };
		47D1835F298A94790058C0EC /* UIColor+.swift in Sources */ = {isa = PBXBuildFile; fileRef = 47D1835E298A94790058C0EC /* UIColor+.swift */; };
		47D18361298B8D760058C0EC /* UIImage+.swift in Sources */ = {isa = PBXBuildFile; fileRef = 47D18360298B8D750058C0EC /* UIImage+.swift */; };
		47D18364298D0EDC0058C0EC /* LoginViewModel.swift in Sources */ = {isa = PBXBuildFile; fileRef = 47D18363298D0EDC0058C0EC /* LoginViewModel.swift */; };
		47D18366298D16640058C0EC /* FriendListViewController.swift in Sources */ = {isa = PBXBuildFile; fileRef = 47D18365298D16640058C0EC /* FriendListViewController.swift */; };
		47D18368298D16730058C0EC /* FriendListViewModel.swift in Sources */ = {isa = PBXBuildFile; fileRef = 47D18367298D16730058C0EC /* FriendListViewModel.swift */; };
		47D1836A298D1A610058C0EC /* FriendListCell.swift in Sources */ = {isa = PBXBuildFile; fileRef = 47D18369298D1A610058C0EC /* FriendListCell.swift */; };
		47D1836C298D40940058C0EC /* User.swift in Sources */ = {isa = PBXBuildFile; fileRef = 47D1836B298D40940058C0EC /* User.swift */; };
		47E0A5DB299770890093645B /* Answer.swift in Sources */ = {isa = PBXBuildFile; fileRef = 47E0A5DA299770890093645B /* Answer.swift */; };
		47E0A5DD299770EA0093645B /* AnswerDTO.swift in Sources */ = {isa = PBXBuildFile; fileRef = 47E0A5DC299770EA0093645B /* AnswerDTO.swift */; };
		47E0A5E3299773CB0093645B /* SplashUseCase.swift in Sources */ = {isa = PBXBuildFile; fileRef = 47E0A5E2299773CB0093645B /* SplashUseCase.swift */; };
		47E0A5E52997743F0093645B /* DefaultSplashUseCase.swift in Sources */ = {isa = PBXBuildFile; fileRef = 47E0A5E42997743F0093645B /* DefaultSplashUseCase.swift */; };
		47E0A5E7299774C20093645B /* QuestionRepository.swift in Sources */ = {isa = PBXBuildFile; fileRef = 47E0A5E6299774C20093645B /* QuestionRepository.swift */; };
		47E0A5E9299775060093645B /* DefaultQuestionRepository.swift in Sources */ = {isa = PBXBuildFile; fileRef = 47E0A5E8299775060093645B /* DefaultQuestionRepository.swift */; };
		47E0A5EB2998ED8C0093645B /* Data+.swift in Sources */ = {isa = PBXBuildFile; fileRef = 47E0A5EA2998ED8C0093645B /* Data+.swift */; };
		47F4C4C429BDBAAA0002E51B /* UserError.swift in Sources */ = {isa = PBXBuildFile; fileRef = 47F4C4C329BDBAAA0002E51B /* UserError.swift */; };
		47F4C4C629BDCA4B0002E51B /* AlertMessageType.swift in Sources */ = {isa = PBXBuildFile; fileRef = 47F4C4C529BDCA4B0002E51B /* AlertMessageType.swift */; };
		76003E092998DF4A00F15CAE /* UserDefaults+.swift in Sources */ = {isa = PBXBuildFile; fileRef = 76003E082998DF4A00F15CAE /* UserDefaults+.swift */; };
		76003E0D29990ED200F15CAE /* UserNotificationService.swift in Sources */ = {isa = PBXBuildFile; fileRef = 76003E0C29990ED200F15CAE /* UserNotificationService.swift */; };
		76003E0F29990EE200F15CAE /* DefaultUserNotificationService.swift in Sources */ = {isa = PBXBuildFile; fileRef = 76003E0E29990EE200F15CAE /* DefaultUserNotificationService.swift */; };
		76003E12299E361D00F15CAE /* IndicatorView.swift in Sources */ = {isa = PBXBuildFile; fileRef = 76003E11299E361D00F15CAE /* IndicatorView.swift */; };
		76003E14299E448800F15CAE /* MessageUIType.swift in Sources */ = {isa = PBXBuildFile; fileRef = 76003E13299E448800F15CAE /* MessageUIType.swift */; };
		7603FA1E2996522200D2C9C8 /* AlarmSettingViewModel.swift in Sources */ = {isa = PBXBuildFile; fileRef = 7603FA1D2996522200D2C9C8 /* AlarmSettingViewModel.swift */; };
		7603FA202996556200D2C9C8 /* DefaultAlarmSettingUseCase.swift in Sources */ = {isa = PBXBuildFile; fileRef = 7603FA1F2996556200D2C9C8 /* DefaultAlarmSettingUseCase.swift */; };
		7603FA22299793B500D2C9C8 /* AlarmSettingUseCase.swift in Sources */ = {isa = PBXBuildFile; fileRef = 7603FA21299793B500D2C9C8 /* AlarmSettingUseCase.swift */; };
		7617372329B1B52D00D9A093 /* DefaultMainUseCase.swift in Sources */ = {isa = PBXBuildFile; fileRef = 7617372229B1B52D00D9A093 /* DefaultMainUseCase.swift */; };
		76280CE929878A3F0061206A /* SceneDelegate.swift in Sources */ = {isa = PBXBuildFile; fileRef = 76280CE829878A3F0061206A /* SceneDelegate.swift */; };
		76280CF029878A410061206A /* Assets.xcassets in Resources */ = {isa = PBXBuildFile; fileRef = 76280CEF29878A410061206A /* Assets.xcassets */; };
		76280CF329878A410061206A /* LaunchScreen.storyboard in Resources */ = {isa = PBXBuildFile; fileRef = 76280CF129878A410061206A /* LaunchScreen.storyboard */; };
		76280CFC29878B8C0061206A /* SnapKit in Frameworks */ = {isa = PBXBuildFile; productRef = 76280CFB29878B8C0061206A /* SnapKit */; };
		76280CFF29878BAE0061206A /* RxCocoa in Frameworks */ = {isa = PBXBuildFile; productRef = 76280CFE29878BAE0061206A /* RxCocoa */; };
		76280D0129878BAE0061206A /* RxRelay in Frameworks */ = {isa = PBXBuildFile; productRef = 76280D0029878BAE0061206A /* RxRelay */; };
		76280D0329878BAE0061206A /* RxSwift in Frameworks */ = {isa = PBXBuildFile; productRef = 76280D0229878BAE0061206A /* RxSwift */; };
		76280D0629878C870061206A /* FirebaseAuth in Frameworks */ = {isa = PBXBuildFile; productRef = 76280D0529878C870061206A /* FirebaseAuth */; };
		76280D0829878C870061206A /* FirebaseFirestore in Frameworks */ = {isa = PBXBuildFile; productRef = 76280D0729878C870061206A /* FirebaseFirestore */; };
		76280D0A29878C870061206A /* FirebaseFirestoreSwift in Frameworks */ = {isa = PBXBuildFile; productRef = 76280D0929878C870061206A /* FirebaseFirestoreSwift */; };
		76280D0C29878C870061206A /* FirebaseMessaging in Frameworks */ = {isa = PBXBuildFile; productRef = 76280D0B29878C870061206A /* FirebaseMessaging */; };
		76280D2D29879F770061206A /* Lottie in Frameworks */ = {isa = PBXBuildFile; productRef = 76280D2C29879F770061206A /* Lottie */; };
		7628E67C298D9D31002D86F2 /* AddFriendViewController.swift in Sources */ = {isa = PBXBuildFile; fileRef = 7628E67B298D9D31002D86F2 /* AddFriendViewController.swift */; };
		7628E67E298DA61D002D86F2 /* AcceptFriendViewController.swift in Sources */ = {isa = PBXBuildFile; fileRef = 7628E67D298DA61D002D86F2 /* AcceptFriendViewController.swift */; };
		7628E680298E4D9C002D86F2 /* UserDTO.swift in Sources */ = {isa = PBXBuildFile; fileRef = 7628E67F298E4D9C002D86F2 /* UserDTO.swift */; };
		7628E682298E4DA4002D86F2 /* UserRepository.swift in Sources */ = {isa = PBXBuildFile; fileRef = 7628E681298E4DA4002D86F2 /* UserRepository.swift */; };
		7628E684298E4DA7002D86F2 /* DefaultUserRepository.swift in Sources */ = {isa = PBXBuildFile; fileRef = 7628E683298E4DA7002D86F2 /* DefaultUserRepository.swift */; };
		7628E686298E4DB4002D86F2 /* DefaultMainEditUseCase.swift in Sources */ = {isa = PBXBuildFile; fileRef = 7628E685298E4DB4002D86F2 /* DefaultMainEditUseCase.swift */; };
		7628E68A298E4E76002D86F2 /* MainEditViewModel.swift in Sources */ = {isa = PBXBuildFile; fileRef = 7628E689298E4E76002D86F2 /* MainEditViewModel.swift */; };
		7628E68C298E4E80002D86F2 /* DefaultFirestoreDatabaseService.swift in Sources */ = {isa = PBXBuildFile; fileRef = 7628E68B298E4E80002D86F2 /* DefaultFirestoreDatabaseService.swift */; };
		7628E68E298E4E83002D86F2 /* FirestoreDatabaseService.swift in Sources */ = {isa = PBXBuildFile; fileRef = 7628E68D298E4E82002D86F2 /* FirestoreDatabaseService.swift */; };
		7628E690298E4E9B002D86F2 /* FirestoreAPI.swift in Sources */ = {isa = PBXBuildFile; fileRef = 7628E68F298E4E9B002D86F2 /* FirestoreAPI.swift */; };
		762A554529ADEF9A0068AE86 /* MainEditUseCase.swift in Sources */ = {isa = PBXBuildFile; fileRef = 762A554429ADEF9A0068AE86 /* MainEditUseCase.swift */; };
		76CD7EB529E165D800AFE950 /* MainUseCase.swift in Sources */ = {isa = PBXBuildFile; fileRef = 76CD7EB429E165D800AFE950 /* MainUseCase.swift */; };
		76D47BB1298F91330091F8FB /* MainCell.swift in Sources */ = {isa = PBXBuildFile; fileRef = 76D47BB0298F91330091F8FB /* MainCell.swift */; };
		76F6C0A3298D968D00A124CD /* MainViewController.swift in Sources */ = {isa = PBXBuildFile; fileRef = 76F6C0A2298D968D00A124CD /* MainViewController.swift */; };
		76F6C0A5298D969700A124CD /* MainViewModel.swift in Sources */ = {isa = PBXBuildFile; fileRef = 76F6C0A4298D969700A124CD /* MainViewModel.swift */; };
		76F6C0A7298D96CF00A124CD /* CommonMainView.swift in Sources */ = {isa = PBXBuildFile; fileRef = 76F6C0A6298D96CF00A124CD /* CommonMainView.swift */; };
		76F6C0A9298D97A700A124CD /* MainEditViewController.swift in Sources */ = {isa = PBXBuildFile; fileRef = 76F6C0A8298D97A700A124CD /* MainEditViewController.swift */; };
		76F6C0AD298D985F00A124CD /* Date+.swift in Sources */ = {isa = PBXBuildFile; fileRef = 76F6C0AC298D985F00A124CD /* Date+.swift */; };
		E51C6DF429D7028900D40EC9 /* NetworkMonitor.swift in Sources */ = {isa = PBXBuildFile; fileRef = E51C6DF329D7028900D40EC9 /* NetworkMonitor.swift */; };
		E51C6DF629D7032200D40EC9 /* NetworkDisconnectViewController.swift in Sources */ = {isa = PBXBuildFile; fileRef = E51C6DF529D7032200D40EC9 /* NetworkDisconnectViewController.swift */; };
		E52F65EE29AC7E89007C36AE /* AddFriendViewModel.swift in Sources */ = {isa = PBXBuildFile; fileRef = E52F65ED29AC7E89007C36AE /* AddFriendViewModel.swift */; };
		E52F65F129AC7F20007C36AE /* RxKeyboard in Frameworks */ = {isa = PBXBuildFile; productRef = E52F65F029AC7F20007C36AE /* RxKeyboard */; };
		E52F65F329AC7F79007C36AE /* FirebaseDynamicLinks in Frameworks */ = {isa = PBXBuildFile; productRef = E52F65F229AC7F79007C36AE /* FirebaseDynamicLinks */; };
		E52F65F529AC859F007C36AE /* AcceptFriendViewModel.swift in Sources */ = {isa = PBXBuildFile; fileRef = E52F65F429AC859F007C36AE /* AcceptFriendViewModel.swift */; };
		E54ACBCD2A04A9D30012EEDA /* AppDelegate.swift in Sources */ = {isa = PBXBuildFile; fileRef = 76280CE629878A3F0061206A /* AppDelegate.swift */; };
		E54ACBCF2A04C3E30012EEDA /* RxKakaoSDKShare in Frameworks */ = {isa = PBXBuildFile; productRef = E54ACBCE2A04C3E30012EEDA /* RxKakaoSDKShare */; };
		E54ACBD12A051F330012EEDA /* ShareButton.swift in Sources */ = {isa = PBXBuildFile; fileRef = E54ACBD02A051F320012EEDA /* ShareButton.swift */; };
		E54ACBD32A051F440012EEDA /* ShareType.swift in Sources */ = {isa = PBXBuildFile; fileRef = E54ACBD22A051F440012EEDA /* ShareType.swift */; };
		E54F3E802A05BC5A003B35CF /* KakaoLinkBuildService.swift in Sources */ = {isa = PBXBuildFile; fileRef = E54F3E7F2A05BC5A003B35CF /* KakaoLinkBuildService.swift */; };
		E54F3E822A05BC65003B35CF /* DefaultKakaoLinkBuildService.swift in Sources */ = {isa = PBXBuildFile; fileRef = E54F3E812A05BC65003B35CF /* DefaultKakaoLinkBuildService.swift */; };
		E552C2202990BE9300F51179 /* SettingViewController.swift in Sources */ = {isa = PBXBuildFile; fileRef = E552C21F2990BE9300F51179 /* SettingViewController.swift */; };
		E552C2222990BEA700F51179 /* AlarmSettingViewController.swift in Sources */ = {isa = PBXBuildFile; fileRef = E552C2212990BEA700F51179 /* AlarmSettingViewController.swift */; };
		E552C2242990BEB300F51179 /* AlarmDaySettingViewController.swift in Sources */ = {isa = PBXBuildFile; fileRef = E552C2232990BEB300F51179 /* AlarmDaySettingViewController.swift */; };
		E552C2262990BEBB00F51179 /* SettingViewModel.swift in Sources */ = {isa = PBXBuildFile; fileRef = E552C2252990BEBB00F51179 /* SettingViewModel.swift */; };
		E552C2282990BECC00F51179 /* SettingCell.swift in Sources */ = {isa = PBXBuildFile; fileRef = E552C2272990BECC00F51179 /* SettingCell.swift */; };
		E552C22A2990BED800F51179 /* SettingHeaderView.swift in Sources */ = {isa = PBXBuildFile; fileRef = E552C2292990BED800F51179 /* SettingHeaderView.swift */; };
		E552C22C2990BEF200F51179 /* AlarmDayCell.swift in Sources */ = {isa = PBXBuildFile; fileRef = E552C22B2990BEF200F51179 /* AlarmDayCell.swift */; };
		E552C2522994BD3700F51179 /* OwnerType.swift in Sources */ = {isa = PBXBuildFile; fileRef = E552C1F1298B911F00F51179 /* OwnerType.swift */; };
		E552C2552994C92700F51179 /* Coordinator.swift in Sources */ = {isa = PBXBuildFile; fileRef = E552C2542994C92700F51179 /* Coordinator.swift */; };
		E552C2572994C93700F51179 /* AppCoordinator.swift in Sources */ = {isa = PBXBuildFile; fileRef = E552C2562994C93700F51179 /* AppCoordinator.swift */; };
		E552C25A299656EA00F51179 /* MainCoordinator.swift in Sources */ = {isa = PBXBuildFile; fileRef = E552C259299656EA00F51179 /* MainCoordinator.swift */; };
		E552C25C299656F600F51179 /* FriendCoordinator.swift in Sources */ = {isa = PBXBuildFile; fileRef = E552C25B299656F600F51179 /* FriendCoordinator.swift */; };
		E552C25E2996570000F51179 /* SettingCoordinator.swift in Sources */ = {isa = PBXBuildFile; fileRef = E552C25D2996570000F51179 /* SettingCoordinator.swift */; };
		E552C2602996573A00F51179 /* SplashViewModel.swift in Sources */ = {isa = PBXBuildFile; fileRef = E552C25F2996573A00F51179 /* SplashViewModel.swift */; };
		E552C262299658F100F51179 /* CalendarViewModel.swift in Sources */ = {isa = PBXBuildFile; fileRef = E552C261299658F100F51179 /* CalendarViewModel.swift */; };
		E569162B2998D1D9006D7231 /* WebViewController.swift in Sources */ = {isa = PBXBuildFile; fileRef = E569162A2998D1D9006D7231 /* WebViewController.swift */; };
		E569162E2998D1EB006D7231 /* WebKit.framework in Frameworks */ = {isa = PBXBuildFile; fileRef = E569162D2998D1EB006D7231 /* WebKit.framework */; };
		E56916302998D429006D7231 /* PageType.swift in Sources */ = {isa = PBXBuildFile; fileRef = E569162F2998D429006D7231 /* PageType.swift */; };
		E5883E2029AF6766007BF206 /* AcceptFriendUseCase.swift in Sources */ = {isa = PBXBuildFile; fileRef = E5883E1F29AF6766007BF206 /* AcceptFriendUseCase.swift */; };
		E5883E2229AF6778007BF206 /* DefaultAcceptFriendUseCase.swift in Sources */ = {isa = PBXBuildFile; fileRef = E5883E2129AF6778007BF206 /* DefaultAcceptFriendUseCase.swift */; };
		E5A2513129AC922E00F62313 /* UIView+.swift in Sources */ = {isa = PBXBuildFile; fileRef = E5A2513029AC922E00F62313 /* UIView+.swift */; };
		E5AE4F2B29B0A8790029B200 /* FriendListUseCase.swift in Sources */ = {isa = PBXBuildFile; fileRef = E5AE4F2A29B0A8780029B200 /* FriendListUseCase.swift */; };
		E5AE4F2D29B0A8BC0029B200 /* DefaultFriendListUseCase.swift in Sources */ = {isa = PBXBuildFile; fileRef = E5AE4F2C29B0A8BC0029B200 /* DefaultFriendListUseCase.swift */; };
		E5AE4F2F29B0D4DE0029B200 /* AddFriendUseCase.swift in Sources */ = {isa = PBXBuildFile; fileRef = E5AE4F2E29B0D4DE0029B200 /* AddFriendUseCase.swift */; };
		E5AE4F3129B0D4EC0029B200 /* DefaultAddFriendUseCase.swift in Sources */ = {isa = PBXBuildFile; fileRef = E5AE4F3029B0D4EB0029B200 /* DefaultAddFriendUseCase.swift */; };
		E5AE4F3329B0E1F30029B200 /* ToastType.swift in Sources */ = {isa = PBXBuildFile; fileRef = E5AE4F3229B0E1F30029B200 /* ToastType.swift */; };
		E5AE4F3729B0EE120029B200 /* GoogleService-Info.plist in Resources */ = {isa = PBXBuildFile; fileRef = E5AE4F3629B0EE120029B200 /* GoogleService-Info.plist */; };
		E5AE4F3D29B37B120029B200 /* CalendarUseCase.swift in Sources */ = {isa = PBXBuildFile; fileRef = E5AE4F3C29B37B120029B200 /* CalendarUseCase.swift */; };
		E5AE4F3F29B37B1A0029B200 /* DefaultCalendarUseCase.swift in Sources */ = {isa = PBXBuildFile; fileRef = E5AE4F3E29B37B1A0029B200 /* DefaultCalendarUseCase.swift */; };
		E5AE4F5F29BCACBC0029B200 /* DefaultLinkBuildService.swift in Sources */ = {isa = PBXBuildFile; fileRef = E5AE4F5E29BCACBC0029B200 /* DefaultLinkBuildService.swift */; };
		E5AE4F6129BCACCD0029B200 /* LinkBuildService.swift in Sources */ = {isa = PBXBuildFile; fileRef = E5AE4F6029BCACCD0029B200 /* LinkBuildService.swift */; };
		E5D434002988CDE5004EDFC7 /* SplashViewController.swift in Sources */ = {isa = PBXBuildFile; fileRef = E5D433FF2988CDE5004EDFC7 /* SplashViewController.swift */; };
		E5D4342E2988E22F004EDFC7 /* Dayeng-Book.json in Resources */ = {isa = PBXBuildFile; fileRef = E5D4342D2988E22F004EDFC7 /* Dayeng-Book.json */; };
		E5D43435298A3291004EDFC7 /* CalendarViewController.swift in Sources */ = {isa = PBXBuildFile; fileRef = E5D43434298A3291004EDFC7 /* CalendarViewController.swift */; };
		E5D43437298A3905004EDFC7 /* CommonCalendarCell.swift in Sources */ = {isa = PBXBuildFile; fileRef = E5D43436298A3905004EDFC7 /* CommonCalendarCell.swift */; };
		E5D43439298A4892004EDFC7 /* NSTextAttachment+.swift in Sources */ = {isa = PBXBuildFile; fileRef = E5D43438298A4892004EDFC7 /* NSTextAttachment+.swift */; };
		E5F08FF329DEB7E900B7DD47 /* LocaleType.swift in Sources */ = {isa = PBXBuildFile; fileRef = E5F08FF229DEB7E900B7DD47 /* LocaleType.swift */; };
/* End PBXBuildFile section */

/* Begin PBXFileReference section */
		474575ED29A4DEBD0031F1E5 /* LoginUseCase.swift */ = {isa = PBXFileReference; lastKnownFileType = sourcecode.swift; path = LoginUseCase.swift; sourceTree = "<group>"; };
		474575EF29A4E1FA0031F1E5 /* DefaultLoginUseCase.swift */ = {isa = PBXFileReference; lastKnownFileType = sourcecode.swift; path = DefaultLoginUseCase.swift; sourceTree = "<group>"; };
		474A62B529A22E42002176AB /* ASAuthorizationControllerProxy.swift */ = {isa = PBXFileReference; lastKnownFileType = sourcecode.swift; path = ASAuthorizationControllerProxy.swift; sourceTree = "<group>"; };
		474A62B729A2346A002176AB /* AuthenticationServices+Rx.swift */ = {isa = PBXFileReference; lastKnownFileType = sourcecode.swift; path = "AuthenticationServices+Rx.swift"; sourceTree = "<group>"; };
		47549416298E4C16008B581D /* UIViewController+.swift */ = {isa = PBXFileReference; lastKnownFileType = sourcecode.swift; path = "UIViewController+.swift"; sourceTree = "<group>"; };
		47549423298F966B008B581D /* AlertType.swift */ = {isa = PBXFileReference; lastKnownFileType = sourcecode.swift; path = AlertType.swift; sourceTree = "<group>"; };
		4754942729900414008B581D /* DefaultDayengCacheService.swift */ = {isa = PBXFileReference; lastKnownFileType = sourcecode.swift; path = DefaultDayengCacheService.swift; sourceTree = "<group>"; };
		4754946C2993704F008B581D /* Dayeng.entitlements */ = {isa = PBXFileReference; lastKnownFileType = text.plist.entitlements; path = Dayeng.entitlements; sourceTree = "<group>"; };
		4761475829DE68E7000349B1 /* AuthService.swift */ = {isa = PBXFileReference; lastKnownFileType = sourcecode.swift; path = AuthService.swift; sourceTree = "<group>"; };
		4761475A29DE68F1000349B1 /* DefaultAuthService.swift */ = {isa = PBXFileReference; lastKnownFileType = sourcecode.swift; path = DefaultAuthService.swift; sourceTree = "<group>"; };
		476A62662993FE010074231E /* Question.swift */ = {isa = PBXFileReference; lastKnownFileType = sourcecode.swift; path = Question.swift; sourceTree = "<group>"; };
		476A62682993FE460074231E /* QuestionDTO.swift */ = {isa = PBXFileReference; lastKnownFileType = sourcecode.swift; path = QuestionDTO.swift; sourceTree = "<group>"; };
		476A626C2996646A0074231E /* DayengCacheService.swift */ = {isa = PBXFileReference; lastKnownFileType = sourcecode.swift; path = DayengCacheService.swift; sourceTree = "<group>"; };
		477800F4299B64FC008FFE79 /* DayengDefaults.swift */ = {isa = PBXFileReference; lastKnownFileType = sourcecode.swift; path = DayengDefaults.swift; sourceTree = "<group>"; };
		47811A5B29D97C0D00E672AF /* FirebaseAuthService.swift */ = {isa = PBXFileReference; lastKnownFileType = sourcecode.swift; path = FirebaseAuthService.swift; sourceTree = "<group>"; };
		47811A5D29D97C1900E672AF /* DefaultFirebaseAuthService.swift */ = {isa = PBXFileReference; lastKnownFileType = sourcecode.swift; path = DefaultFirebaseAuthService.swift; sourceTree = "<group>"; };
		4794DB1729B3494B0032AF86 /* SettingUseCase.swift */ = {isa = PBXFileReference; lastKnownFileType = sourcecode.swift; path = SettingUseCase.swift; sourceTree = "<group>"; };
		4794DB1929B349580032AF86 /* DefaultSettingUseCase.swift */ = {isa = PBXFileReference; lastKnownFileType = sourcecode.swift; path = DefaultSettingUseCase.swift; sourceTree = "<group>"; };
		4799A65729A7E2380071F8F9 /* DefaultAppleLoginService.swift */ = {isa = PBXFileReference; lastKnownFileType = sourcecode.swift; path = DefaultAppleLoginService.swift; sourceTree = "<group>"; };
		47B04031299DE62A0018429C /* Dayeng.entitlements */ = {isa = PBXFileReference; lastKnownFileType = text.plist.entitlements; path = Dayeng.entitlements; sourceTree = "<group>"; };
		47B5084429AA02AF0046A982 /* KakaoLoginService.swift */ = {isa = PBXFileReference; lastKnownFileType = sourcecode.swift; path = KakaoLoginService.swift; sourceTree = "<group>"; };
		47B5084629AA53A10046A982 /* AppleLoginService.swift */ = {isa = PBXFileReference; lastKnownFileType = sourcecode.swift; path = AppleLoginService.swift; sourceTree = "<group>"; };
		47B5084829AA7CB00046A982 /* DefaultKakaoLoginService.swift */ = {isa = PBXFileReference; lastKnownFileType = sourcecode.swift; path = DefaultKakaoLoginService.swift; sourceTree = "<group>"; };
		47C38780298E390D0030833F /* DayengAlertViewController.swift */ = {isa = PBXFileReference; lastKnownFileType = sourcecode.swift; path = DayengAlertViewController.swift; sourceTree = "<group>"; };
		47C75ABB2A062CAF0070405E /* UITextfield+.swift */ = {isa = PBXFileReference; lastKnownFileType = sourcecode.swift; path = "UITextfield+.swift"; sourceTree = "<group>"; };
		47C75ABD2A0633DD0070405E /* PaddingLabel.swift */ = {isa = PBXFileReference; lastKnownFileType = sourcecode.swift; path = PaddingLabel.swift; sourceTree = "<group>"; };
		47D18358298A86F10058C0EC /* LoginViewController.swift */ = {isa = PBXFileReference; lastKnownFileType = sourcecode.swift; path = LoginViewController.swift; sourceTree = "<group>"; };
		47D1835A298A8DDD0058C0EC /* AuthButton.swift */ = {isa = PBXFileReference; lastKnownFileType = sourcecode.swift; path = AuthButton.swift; sourceTree = "<group>"; };
		47D1835C298A92C10058C0EC /* AuthType.swift */ = {isa = PBXFileReference; lastKnownFileType = sourcecode.swift; path = AuthType.swift; sourceTree = "<group>"; };
		47D1835E298A94790058C0EC /* UIColor+.swift */ = {isa = PBXFileReference; lastKnownFileType = sourcecode.swift; path = "UIColor+.swift"; sourceTree = "<group>"; };
		47D18360298B8D750058C0EC /* UIImage+.swift */ = {isa = PBXFileReference; lastKnownFileType = sourcecode.swift; path = "UIImage+.swift"; sourceTree = "<group>"; };
		47D18363298D0EDC0058C0EC /* LoginViewModel.swift */ = {isa = PBXFileReference; lastKnownFileType = sourcecode.swift; path = LoginViewModel.swift; sourceTree = "<group>"; };
		47D18365298D16640058C0EC /* FriendListViewController.swift */ = {isa = PBXFileReference; lastKnownFileType = sourcecode.swift; path = FriendListViewController.swift; sourceTree = "<group>"; };
		47D18367298D16730058C0EC /* FriendListViewModel.swift */ = {isa = PBXFileReference; lastKnownFileType = sourcecode.swift; path = FriendListViewModel.swift; sourceTree = "<group>"; };
		47D18369298D1A610058C0EC /* FriendListCell.swift */ = {isa = PBXFileReference; lastKnownFileType = sourcecode.swift; path = FriendListCell.swift; sourceTree = "<group>"; };
		47D1836B298D40940058C0EC /* User.swift */ = {isa = PBXFileReference; lastKnownFileType = sourcecode.swift; path = User.swift; sourceTree = "<group>"; };
		47E0A5DA299770890093645B /* Answer.swift */ = {isa = PBXFileReference; lastKnownFileType = sourcecode.swift; path = Answer.swift; sourceTree = "<group>"; };
		47E0A5DC299770EA0093645B /* AnswerDTO.swift */ = {isa = PBXFileReference; lastKnownFileType = sourcecode.swift; path = AnswerDTO.swift; sourceTree = "<group>"; };
		47E0A5E2299773CB0093645B /* SplashUseCase.swift */ = {isa = PBXFileReference; lastKnownFileType = sourcecode.swift; path = SplashUseCase.swift; sourceTree = "<group>"; };
		47E0A5E42997743F0093645B /* DefaultSplashUseCase.swift */ = {isa = PBXFileReference; lastKnownFileType = sourcecode.swift; path = DefaultSplashUseCase.swift; sourceTree = "<group>"; };
		47E0A5E6299774C20093645B /* QuestionRepository.swift */ = {isa = PBXFileReference; lastKnownFileType = sourcecode.swift; path = QuestionRepository.swift; sourceTree = "<group>"; };
		47E0A5E8299775060093645B /* DefaultQuestionRepository.swift */ = {isa = PBXFileReference; lastKnownFileType = sourcecode.swift; path = DefaultQuestionRepository.swift; sourceTree = "<group>"; };
		47E0A5EA2998ED8C0093645B /* Data+.swift */ = {isa = PBXFileReference; lastKnownFileType = sourcecode.swift; path = "Data+.swift"; sourceTree = "<group>"; };
		47F4C4C329BDBAAA0002E51B /* UserError.swift */ = {isa = PBXFileReference; lastKnownFileType = sourcecode.swift; path = UserError.swift; sourceTree = "<group>"; };
		47F4C4C529BDCA4B0002E51B /* AlertMessageType.swift */ = {isa = PBXFileReference; lastKnownFileType = sourcecode.swift; path = AlertMessageType.swift; sourceTree = "<group>"; };
		76003E082998DF4A00F15CAE /* UserDefaults+.swift */ = {isa = PBXFileReference; lastKnownFileType = sourcecode.swift; path = "UserDefaults+.swift"; sourceTree = "<group>"; };
		76003E0C29990ED200F15CAE /* UserNotificationService.swift */ = {isa = PBXFileReference; lastKnownFileType = sourcecode.swift; path = UserNotificationService.swift; sourceTree = "<group>"; };
		76003E0E29990EE200F15CAE /* DefaultUserNotificationService.swift */ = {isa = PBXFileReference; lastKnownFileType = sourcecode.swift; path = DefaultUserNotificationService.swift; sourceTree = "<group>"; };
		76003E11299E361D00F15CAE /* IndicatorView.swift */ = {isa = PBXFileReference; lastKnownFileType = sourcecode.swift; path = IndicatorView.swift; sourceTree = "<group>"; };
		76003E13299E448800F15CAE /* MessageUIType.swift */ = {isa = PBXFileReference; lastKnownFileType = sourcecode.swift; path = MessageUIType.swift; sourceTree = "<group>"; };
		7603FA1D2996522200D2C9C8 /* AlarmSettingViewModel.swift */ = {isa = PBXFileReference; lastKnownFileType = sourcecode.swift; path = AlarmSettingViewModel.swift; sourceTree = "<group>"; };
		7603FA1F2996556200D2C9C8 /* DefaultAlarmSettingUseCase.swift */ = {isa = PBXFileReference; lastKnownFileType = sourcecode.swift; path = DefaultAlarmSettingUseCase.swift; sourceTree = "<group>"; };
		7603FA21299793B500D2C9C8 /* AlarmSettingUseCase.swift */ = {isa = PBXFileReference; lastKnownFileType = sourcecode.swift; path = AlarmSettingUseCase.swift; sourceTree = "<group>"; };
		7617372229B1B52D00D9A093 /* DefaultMainUseCase.swift */ = {isa = PBXFileReference; lastKnownFileType = sourcecode.swift; path = DefaultMainUseCase.swift; sourceTree = "<group>"; };
		76280CE329878A3F0061206A /* Dayeng.app */ = {isa = PBXFileReference; explicitFileType = wrapper.application; includeInIndex = 0; path = Dayeng.app; sourceTree = BUILT_PRODUCTS_DIR; };
		76280CE629878A3F0061206A /* AppDelegate.swift */ = {isa = PBXFileReference; lastKnownFileType = sourcecode.swift; path = AppDelegate.swift; sourceTree = "<group>"; };
		76280CE829878A3F0061206A /* SceneDelegate.swift */ = {isa = PBXFileReference; lastKnownFileType = sourcecode.swift; path = SceneDelegate.swift; sourceTree = "<group>"; };
		76280CEF29878A410061206A /* Assets.xcassets */ = {isa = PBXFileReference; lastKnownFileType = folder.assetcatalog; path = Assets.xcassets; sourceTree = "<group>"; };
		76280CF229878A410061206A /* Base */ = {isa = PBXFileReference; lastKnownFileType = file.storyboard; name = Base; path = Base.lproj/LaunchScreen.storyboard; sourceTree = "<group>"; };
		76280CF429878A410061206A /* Info.plist */ = {isa = PBXFileReference; lastKnownFileType = text.plist.xml; path = Info.plist; sourceTree = "<group>"; };
		7628E67B298D9D31002D86F2 /* AddFriendViewController.swift */ = {isa = PBXFileReference; lastKnownFileType = sourcecode.swift; path = AddFriendViewController.swift; sourceTree = "<group>"; };
		7628E67D298DA61D002D86F2 /* AcceptFriendViewController.swift */ = {isa = PBXFileReference; lastKnownFileType = sourcecode.swift; path = AcceptFriendViewController.swift; sourceTree = "<group>"; };
		7628E67F298E4D9C002D86F2 /* UserDTO.swift */ = {isa = PBXFileReference; fileEncoding = 4; lastKnownFileType = sourcecode.swift; path = UserDTO.swift; sourceTree = "<group>"; };
		7628E681298E4DA4002D86F2 /* UserRepository.swift */ = {isa = PBXFileReference; fileEncoding = 4; lastKnownFileType = sourcecode.swift; path = UserRepository.swift; sourceTree = "<group>"; };
		7628E683298E4DA7002D86F2 /* DefaultUserRepository.swift */ = {isa = PBXFileReference; fileEncoding = 4; lastKnownFileType = sourcecode.swift; path = DefaultUserRepository.swift; sourceTree = "<group>"; };
		7628E685298E4DB4002D86F2 /* DefaultMainEditUseCase.swift */ = {isa = PBXFileReference; fileEncoding = 4; lastKnownFileType = sourcecode.swift; path = DefaultMainEditUseCase.swift; sourceTree = "<group>"; };
		7628E689298E4E76002D86F2 /* MainEditViewModel.swift */ = {isa = PBXFileReference; fileEncoding = 4; lastKnownFileType = sourcecode.swift; path = MainEditViewModel.swift; sourceTree = "<group>"; };
		7628E68B298E4E80002D86F2 /* DefaultFirestoreDatabaseService.swift */ = {isa = PBXFileReference; fileEncoding = 4; lastKnownFileType = sourcecode.swift; path = DefaultFirestoreDatabaseService.swift; sourceTree = "<group>"; };
		7628E68D298E4E82002D86F2 /* FirestoreDatabaseService.swift */ = {isa = PBXFileReference; fileEncoding = 4; lastKnownFileType = sourcecode.swift; path = FirestoreDatabaseService.swift; sourceTree = "<group>"; };
		7628E68F298E4E9B002D86F2 /* FirestoreAPI.swift */ = {isa = PBXFileReference; fileEncoding = 4; lastKnownFileType = sourcecode.swift; path = FirestoreAPI.swift; sourceTree = "<group>"; };
		762A554429ADEF9A0068AE86 /* MainEditUseCase.swift */ = {isa = PBXFileReference; lastKnownFileType = sourcecode.swift; path = MainEditUseCase.swift; sourceTree = "<group>"; };
		76CD7EB429E165D800AFE950 /* MainUseCase.swift */ = {isa = PBXFileReference; lastKnownFileType = sourcecode.swift; path = MainUseCase.swift; sourceTree = "<group>"; };
		76D47BB0298F91330091F8FB /* MainCell.swift */ = {isa = PBXFileReference; lastKnownFileType = sourcecode.swift; path = MainCell.swift; sourceTree = "<group>"; };
		76F6C0A2298D968D00A124CD /* MainViewController.swift */ = {isa = PBXFileReference; lastKnownFileType = sourcecode.swift; path = MainViewController.swift; sourceTree = "<group>"; };
		76F6C0A4298D969700A124CD /* MainViewModel.swift */ = {isa = PBXFileReference; lastKnownFileType = sourcecode.swift; path = MainViewModel.swift; sourceTree = "<group>"; };
		76F6C0A6298D96CF00A124CD /* CommonMainView.swift */ = {isa = PBXFileReference; fileEncoding = 4; lastKnownFileType = sourcecode.swift; path = CommonMainView.swift; sourceTree = "<group>"; };
		76F6C0A8298D97A700A124CD /* MainEditViewController.swift */ = {isa = PBXFileReference; lastKnownFileType = sourcecode.swift; path = MainEditViewController.swift; sourceTree = "<group>"; };
		76F6C0AC298D985F00A124CD /* Date+.swift */ = {isa = PBXFileReference; fileEncoding = 4; lastKnownFileType = sourcecode.swift; path = "Date+.swift"; sourceTree = "<group>"; };
		E51C6DF329D7028900D40EC9 /* NetworkMonitor.swift */ = {isa = PBXFileReference; lastKnownFileType = sourcecode.swift; path = NetworkMonitor.swift; sourceTree = "<group>"; };
		E51C6DF529D7032200D40EC9 /* NetworkDisconnectViewController.swift */ = {isa = PBXFileReference; lastKnownFileType = sourcecode.swift; path = NetworkDisconnectViewController.swift; sourceTree = "<group>"; };
		E52F65ED29AC7E89007C36AE /* AddFriendViewModel.swift */ = {isa = PBXFileReference; lastKnownFileType = sourcecode.swift; path = AddFriendViewModel.swift; sourceTree = "<group>"; };
		E52F65F429AC859F007C36AE /* AcceptFriendViewModel.swift */ = {isa = PBXFileReference; lastKnownFileType = sourcecode.swift; path = AcceptFriendViewModel.swift; sourceTree = "<group>"; };
		E54ACBD02A051F320012EEDA /* ShareButton.swift */ = {isa = PBXFileReference; lastKnownFileType = sourcecode.swift; path = ShareButton.swift; sourceTree = "<group>"; };
		E54ACBD22A051F440012EEDA /* ShareType.swift */ = {isa = PBXFileReference; lastKnownFileType = sourcecode.swift; path = ShareType.swift; sourceTree = "<group>"; };
		E54F3E7F2A05BC5A003B35CF /* KakaoLinkBuildService.swift */ = {isa = PBXFileReference; lastKnownFileType = sourcecode.swift; path = KakaoLinkBuildService.swift; sourceTree = "<group>"; };
		E54F3E812A05BC65003B35CF /* DefaultKakaoLinkBuildService.swift */ = {isa = PBXFileReference; lastKnownFileType = sourcecode.swift; path = DefaultKakaoLinkBuildService.swift; sourceTree = "<group>"; };
		E552C1F1298B911F00F51179 /* OwnerType.swift */ = {isa = PBXFileReference; fileEncoding = 4; lastKnownFileType = sourcecode.swift; path = OwnerType.swift; sourceTree = "<group>"; };
		E552C21F2990BE9300F51179 /* SettingViewController.swift */ = {isa = PBXFileReference; lastKnownFileType = sourcecode.swift; path = SettingViewController.swift; sourceTree = "<group>"; };
		E552C2212990BEA700F51179 /* AlarmSettingViewController.swift */ = {isa = PBXFileReference; lastKnownFileType = sourcecode.swift; path = AlarmSettingViewController.swift; sourceTree = "<group>"; };
		E552C2232990BEB300F51179 /* AlarmDaySettingViewController.swift */ = {isa = PBXFileReference; lastKnownFileType = sourcecode.swift; path = AlarmDaySettingViewController.swift; sourceTree = "<group>"; };
		E552C2252990BEBB00F51179 /* SettingViewModel.swift */ = {isa = PBXFileReference; lastKnownFileType = sourcecode.swift; path = SettingViewModel.swift; sourceTree = "<group>"; };
		E552C2272990BECC00F51179 /* SettingCell.swift */ = {isa = PBXFileReference; lastKnownFileType = sourcecode.swift; path = SettingCell.swift; sourceTree = "<group>"; };
		E552C2292990BED800F51179 /* SettingHeaderView.swift */ = {isa = PBXFileReference; lastKnownFileType = sourcecode.swift; path = SettingHeaderView.swift; sourceTree = "<group>"; };
		E552C22B2990BEF200F51179 /* AlarmDayCell.swift */ = {isa = PBXFileReference; lastKnownFileType = sourcecode.swift; path = AlarmDayCell.swift; sourceTree = "<group>"; };
		E552C2542994C92700F51179 /* Coordinator.swift */ = {isa = PBXFileReference; lastKnownFileType = sourcecode.swift; path = Coordinator.swift; sourceTree = "<group>"; };
		E552C2562994C93700F51179 /* AppCoordinator.swift */ = {isa = PBXFileReference; lastKnownFileType = sourcecode.swift; path = AppCoordinator.swift; sourceTree = "<group>"; };
		E552C259299656EA00F51179 /* MainCoordinator.swift */ = {isa = PBXFileReference; lastKnownFileType = sourcecode.swift; path = MainCoordinator.swift; sourceTree = "<group>"; };
		E552C25B299656F600F51179 /* FriendCoordinator.swift */ = {isa = PBXFileReference; lastKnownFileType = sourcecode.swift; path = FriendCoordinator.swift; sourceTree = "<group>"; };
		E552C25D2996570000F51179 /* SettingCoordinator.swift */ = {isa = PBXFileReference; lastKnownFileType = sourcecode.swift; path = SettingCoordinator.swift; sourceTree = "<group>"; };
		E552C25F2996573A00F51179 /* SplashViewModel.swift */ = {isa = PBXFileReference; lastKnownFileType = sourcecode.swift; path = SplashViewModel.swift; sourceTree = "<group>"; };
		E552C261299658F100F51179 /* CalendarViewModel.swift */ = {isa = PBXFileReference; lastKnownFileType = sourcecode.swift; path = CalendarViewModel.swift; sourceTree = "<group>"; };
		E569162A2998D1D9006D7231 /* WebViewController.swift */ = {isa = PBXFileReference; lastKnownFileType = sourcecode.swift; path = WebViewController.swift; sourceTree = "<group>"; };
		E569162D2998D1EB006D7231 /* WebKit.framework */ = {isa = PBXFileReference; lastKnownFileType = wrapper.framework; name = WebKit.framework; path = System/Library/Frameworks/WebKit.framework; sourceTree = SDKROOT; };
		E569162F2998D429006D7231 /* PageType.swift */ = {isa = PBXFileReference; lastKnownFileType = sourcecode.swift; path = PageType.swift; sourceTree = "<group>"; };
		E5883E1F29AF6766007BF206 /* AcceptFriendUseCase.swift */ = {isa = PBXFileReference; lastKnownFileType = sourcecode.swift; path = AcceptFriendUseCase.swift; sourceTree = "<group>"; };
		E5883E2129AF6778007BF206 /* DefaultAcceptFriendUseCase.swift */ = {isa = PBXFileReference; lastKnownFileType = sourcecode.swift; path = DefaultAcceptFriendUseCase.swift; sourceTree = "<group>"; };
		E5A2513029AC922E00F62313 /* UIView+.swift */ = {isa = PBXFileReference; lastKnownFileType = sourcecode.swift; path = "UIView+.swift"; sourceTree = "<group>"; };
		E5AE4F2A29B0A8780029B200 /* FriendListUseCase.swift */ = {isa = PBXFileReference; lastKnownFileType = sourcecode.swift; path = FriendListUseCase.swift; sourceTree = "<group>"; };
		E5AE4F2C29B0A8BC0029B200 /* DefaultFriendListUseCase.swift */ = {isa = PBXFileReference; lastKnownFileType = sourcecode.swift; path = DefaultFriendListUseCase.swift; sourceTree = "<group>"; };
		E5AE4F2E29B0D4DE0029B200 /* AddFriendUseCase.swift */ = {isa = PBXFileReference; lastKnownFileType = sourcecode.swift; path = AddFriendUseCase.swift; sourceTree = "<group>"; };
		E5AE4F3029B0D4EB0029B200 /* DefaultAddFriendUseCase.swift */ = {isa = PBXFileReference; lastKnownFileType = sourcecode.swift; path = DefaultAddFriendUseCase.swift; sourceTree = "<group>"; };
		E5AE4F3229B0E1F30029B200 /* ToastType.swift */ = {isa = PBXFileReference; lastKnownFileType = sourcecode.swift; path = ToastType.swift; sourceTree = "<group>"; };
		E5AE4F3629B0EE120029B200 /* GoogleService-Info.plist */ = {isa = PBXFileReference; fileEncoding = 4; lastKnownFileType = text.plist.xml; path = "GoogleService-Info.plist"; sourceTree = "<group>"; };
		E5AE4F3C29B37B120029B200 /* CalendarUseCase.swift */ = {isa = PBXFileReference; lastKnownFileType = sourcecode.swift; path = CalendarUseCase.swift; sourceTree = "<group>"; };
		E5AE4F3E29B37B1A0029B200 /* DefaultCalendarUseCase.swift */ = {isa = PBXFileReference; lastKnownFileType = sourcecode.swift; path = DefaultCalendarUseCase.swift; sourceTree = "<group>"; };
		E5AE4F5E29BCACBC0029B200 /* DefaultLinkBuildService.swift */ = {isa = PBXFileReference; lastKnownFileType = sourcecode.swift; path = DefaultLinkBuildService.swift; sourceTree = "<group>"; };
		E5AE4F6029BCACCD0029B200 /* LinkBuildService.swift */ = {isa = PBXFileReference; lastKnownFileType = sourcecode.swift; path = LinkBuildService.swift; sourceTree = "<group>"; };
		E5D433FF2988CDE5004EDFC7 /* SplashViewController.swift */ = {isa = PBXFileReference; lastKnownFileType = sourcecode.swift; path = SplashViewController.swift; sourceTree = "<group>"; };
		E5D4342D2988E22F004EDFC7 /* Dayeng-Book.json */ = {isa = PBXFileReference; fileEncoding = 4; lastKnownFileType = text.json; path = "Dayeng-Book.json"; sourceTree = "<group>"; };
		E5D43434298A3291004EDFC7 /* CalendarViewController.swift */ = {isa = PBXFileReference; lastKnownFileType = sourcecode.swift; path = CalendarViewController.swift; sourceTree = "<group>"; };
		E5D43436298A3905004EDFC7 /* CommonCalendarCell.swift */ = {isa = PBXFileReference; lastKnownFileType = sourcecode.swift; path = CommonCalendarCell.swift; sourceTree = "<group>"; };
		E5D43438298A4892004EDFC7 /* NSTextAttachment+.swift */ = {isa = PBXFileReference; lastKnownFileType = sourcecode.swift; path = "NSTextAttachment+.swift"; sourceTree = "<group>"; };
		E5F08FF229DEB7E900B7DD47 /* LocaleType.swift */ = {isa = PBXFileReference; lastKnownFileType = sourcecode.swift; path = LocaleType.swift; sourceTree = "<group>"; };
/* End PBXFileReference section */

/* Begin PBXFrameworksBuildPhase section */
		76280CE029878A3F0061206A /* Frameworks */ = {
			isa = PBXFrameworksBuildPhase;
			buildActionMask = 2147483647;
			files = (
				47B5084329A9E4490046A982 /* RxKakaoSDKUser in Frameworks */,
				47B5084129A9E4490046A982 /* RxKakaoSDKCommon in Frameworks */,
				E569162E2998D1EB006D7231 /* WebKit.framework in Frameworks */,
				E52F65F129AC7F20007C36AE /* RxKeyboard in Frameworks */,
				76280D0C29878C870061206A /* FirebaseMessaging in Frameworks */,
				E54ACBCF2A04C3E30012EEDA /* RxKakaoSDKShare in Frameworks */,
				76280D0129878BAE0061206A /* RxRelay in Frameworks */,
				76280D2D29879F770061206A /* Lottie in Frameworks */,
				76280D0629878C870061206A /* FirebaseAuth in Frameworks */,
				76280CFF29878BAE0061206A /* RxCocoa in Frameworks */,
				76280D0A29878C870061206A /* FirebaseFirestoreSwift in Frameworks */,
				47B5083F29A9E4490046A982 /* RxKakaoSDKAuth in Frameworks */,
				76280D0329878BAE0061206A /* RxSwift in Frameworks */,
				76280CFC29878B8C0061206A /* SnapKit in Frameworks */,
				76280D0829878C870061206A /* FirebaseFirestore in Frameworks */,
				E52F65F329AC7F79007C36AE /* FirebaseDynamicLinks in Frameworks */,
			);
			runOnlyForDeploymentPostprocessing = 0;
		};
/* End PBXFrameworksBuildPhase section */

/* Begin PBXGroup section */
		76280CDA29878A3F0061206A = {
			isa = PBXGroup;
			children = (
				76280CE529878A3F0061206A /* Dayeng */,
				76280CE429878A3F0061206A /* Products */,
				E569162C2998D1EA006D7231 /* Frameworks */,
				76CD7EB329E1517600AFE950 /* Recovered References */,
			);
			sourceTree = "<group>";
		};
		76280CE429878A3F0061206A /* Products */ = {
			isa = PBXGroup;
			children = (
				76280CE329878A3F0061206A /* Dayeng.app */,
			);
			name = Products;
			sourceTree = "<group>";
		};
		76280CE529878A3F0061206A /* Dayeng */ = {
			isa = PBXGroup;
			children = (
				47B04031299DE62A0018429C /* Dayeng.entitlements */,
				76280D1729878E4E0061206A /* App */,
				76280D0E29878DF50061206A /* Data */,
				76280D1129878E280061206A /* Domain */,
				76280D182987918E0061206A /* Presentation */,
				76280D1429878E380061206A /* Util */,
			);
			path = Dayeng;
			sourceTree = "<group>";
		};
		76280D0E29878DF50061206A /* Data */ = {
			isa = PBXGroup;
			children = (
				76280D0F29878E200061206A /* DTO */,
				76280D1029878E230061206A /* Repository */,
			);
			path = Data;
			sourceTree = "<group>";
		};
		76280D0F29878E200061206A /* DTO */ = {
			isa = PBXGroup;
			children = (
				7628E67F298E4D9C002D86F2 /* UserDTO.swift */,
				476A62682993FE460074231E /* QuestionDTO.swift */,
				47E0A5DC299770EA0093645B /* AnswerDTO.swift */,
			);
			path = DTO;
			sourceTree = "<group>";
		};
		76280D1029878E230061206A /* Repository */ = {
			isa = PBXGroup;
			children = (
				76280D212987925D0061206A /* Protocol */,
				7628E683298E4DA7002D86F2 /* DefaultUserRepository.swift */,
				47E0A5E8299775060093645B /* DefaultQuestionRepository.swift */,
			);
			path = Repository;
			sourceTree = "<group>";
		};
		76280D1129878E280061206A /* Domain */ = {
			isa = PBXGroup;
			children = (
				76280D1229878E2B0061206A /* UseCase */,
				76280D1329878E340061206A /* Entity */,
			);
			path = Domain;
			sourceTree = "<group>";
		};
		76280D1229878E2B0061206A /* UseCase */ = {
			isa = PBXGroup;
			children = (
				E5C732E129EB76830080012A /* Splash */,
				76280D29298792A00061206A /* Auth */,
				76280D272987929A0061206A /* Main */,
				76280D25298792900061206A /* Calendar */,
				76280D23298792850061206A /* Friend */,
				76280D22298792680061206A /* Setting */,
			);
			path = UseCase;
			sourceTree = "<group>";
		};
		76280D1329878E340061206A /* Entity */ = {
			isa = PBXGroup;
			children = (
				47D1836B298D40940058C0EC /* User.swift */,
				476A62662993FE010074231E /* Question.swift */,
				47E0A5DA299770890093645B /* Answer.swift */,
			);
			path = Entity;
			sourceTree = "<group>";
		};
		76280D1429878E380061206A /* Util */ = {
			isa = PBXGroup;
			children = (
				E5D434012988D416004EDFC7 /* Etc */,
				76280D1629878E460061206A /* Service */,
				76280D1529878E410061206A /* Extension */,
				E52CF84B298A59C700829661 /* Enums */,
			);
			path = Util;
			sourceTree = "<group>";
		};
		76280D1529878E410061206A /* Extension */ = {
			isa = PBXGroup;
			children = (
				474A62B729A2346A002176AB /* AuthenticationServices+Rx.swift */,
				474A62B529A22E42002176AB /* ASAuthorizationControllerProxy.swift */,
				76F6C0AC298D985F00A124CD /* Date+.swift */,
				47E0A5EA2998ED8C0093645B /* Data+.swift */,
				E5D43438298A4892004EDFC7 /* NSTextAttachment+.swift */,
				47D1835E298A94790058C0EC /* UIColor+.swift */,
				47D18360298B8D750058C0EC /* UIImage+.swift */,
				47549416298E4C16008B581D /* UIViewController+.swift */,
				E5A2513029AC922E00F62313 /* UIView+.swift */,
				76003E082998DF4A00F15CAE /* UserDefaults+.swift */,
				47C75ABB2A062CAF0070405E /* UITextfield+.swift */,
			);
			path = Extension;
			sourceTree = "<group>";
		};
		76280D1629878E460061206A /* Service */ = {
			isa = PBXGroup;
			children = (
				E5C732D129EB75530080012A /* Protocol */,
				7628E68B298E4E80002D86F2 /* DefaultFirestoreDatabaseService.swift */,
				4754942729900414008B581D /* DefaultDayengCacheService.swift */,
				76003E0E29990EE200F15CAE /* DefaultUserNotificationService.swift */,
				4799A65729A7E2380071F8F9 /* DefaultAppleLoginService.swift */,
				E5AE4F5E29BCACBC0029B200 /* DefaultLinkBuildService.swift */,
				E54F3E812A05BC65003B35CF /* DefaultKakaoLinkBuildService.swift */,
				47B5084829AA7CB00046A982 /* DefaultKakaoLoginService.swift */,
				47811A5D29D97C1900E672AF /* DefaultFirebaseAuthService.swift */,
				4761475A29DE68F1000349B1 /* DefaultAuthService.swift */,
				476A626C2996646A0074231E /* DayengCacheService.swift */,
				477800F4299B64FC008FFE79 /* DayengDefaults.swift */,
				E51C6DF329D7028900D40EC9 /* NetworkMonitor.swift */,
			);
			path = Service;
			sourceTree = "<group>";
		};
		76280D1729878E4E0061206A /* App */ = {
			isa = PBXGroup;
			children = (
				E552C2532994C90E00F51179 /* Coordinator */,
				E5AE4F3629B0EE120029B200 /* GoogleService-Info.plist */,
				76280CE629878A3F0061206A /* AppDelegate.swift */,
				76280CE829878A3F0061206A /* SceneDelegate.swift */,
				76280CEF29878A410061206A /* Assets.xcassets */,
				76280CF429878A410061206A /* Info.plist */,
				4754946C2993704F008B581D /* Dayeng.entitlements */,
			);
			path = App;
			sourceTree = "<group>";
		};
		76280D182987918E0061206A /* Presentation */ = {
			isa = PBXGroup;
			children = (
				E552C258299656E100F51179 /* Coordinator */,
				E5D433FC2988CD9F004EDFC7 /* Splash */,
				76280D19298791BF0061206A /* Common */,
				76280D1A298791C60061206A /* Auth */,
				76280D1B298791CD0061206A /* Main */,
				76280D1C298791D10061206A /* Calendar */,
				76280D1D298791DD0061206A /* Friend */,
				76280D1E298791E40061206A /* Setting */,
			);
			path = Presentation;
			sourceTree = "<group>";
		};
		76280D19298791BF0061206A /* Common */ = {
			isa = PBXGroup;
			children = (
				E5C732DD29EB76450080012A /* View */,
				E5C732DC29EB76400080012A /* ViewController */,
			);
			path = Common;
			sourceTree = "<group>";
		};
		76280D1A298791C60061206A /* Auth */ = {
			isa = PBXGroup;
			children = (
				E5C732DB29EB76340080012A /* ViewModel */,
				E5C732DA29EB762E0080012A /* ViewController */,
			);
			path = Auth;
			sourceTree = "<group>";
		};
		76280D1B298791CD0061206A /* Main */ = {
			isa = PBXGroup;
			children = (
				E5C732D929EB76200080012A /* View */,
				E5C732D829EB761B0080012A /* ViewModel */,
				E5C732D729EB76160080012A /* ViewController */,
			);
			path = Main;
			sourceTree = "<group>";
		};
		76280D1C298791D10061206A /* Calendar */ = {
			isa = PBXGroup;
			children = (
				E5C732D629EB76050080012A /* ViewModel */,
				E5C732D529EB75FD0080012A /* ViewController */,
			);
			path = Calendar;
			sourceTree = "<group>";
		};
		76280D1D298791DD0061206A /* Friend */ = {
			isa = PBXGroup;
			children = (
				E5C732D429EB75E30080012A /* View */,
				E5C732D329EB75DE0080012A /* ViewModel */,
				E5C732D229EB75D90080012A /* ViewController */,
			);
			path = Friend;
			sourceTree = "<group>";
		};
		76280D1E298791E40061206A /* Setting */ = {
			isa = PBXGroup;
			children = (
				E552C21E2990BE7F00F51179 /* View */,
				E552C21D2990BE7A00F51179 /* ViewModel */,
				E552C21C2990BE7300F51179 /* ViewController */,
			);
			path = Setting;
			sourceTree = "<group>";
		};
		76280D1F2987922C0061206A /* Protocol */ = {
			isa = PBXGroup;
			children = (
				7603FA21299793B500D2C9C8 /* AlarmSettingUseCase.swift */,
				4794DB1729B3494B0032AF86 /* SettingUseCase.swift */,
			);
			path = Protocol;
			sourceTree = "<group>";
		};
		76280D212987925D0061206A /* Protocol */ = {
			isa = PBXGroup;
			children = (
				7628E681298E4DA4002D86F2 /* UserRepository.swift */,
				47E0A5E6299774C20093645B /* QuestionRepository.swift */,
			);
			path = Protocol;
			sourceTree = "<group>";
		};
		76280D22298792680061206A /* Setting */ = {
			isa = PBXGroup;
			children = (
				76280D1F2987922C0061206A /* Protocol */,
				7603FA1F2996556200D2C9C8 /* DefaultAlarmSettingUseCase.swift */,
				4794DB1929B349580032AF86 /* DefaultSettingUseCase.swift */,
			);
			path = Setting;
			sourceTree = "<group>";
		};
		76280D23298792850061206A /* Friend */ = {
			isa = PBXGroup;
			children = (
				76280D242987928B0061206A /* Protocol */,
				E5883E2129AF6778007BF206 /* DefaultAcceptFriendUseCase.swift */,
				E5AE4F3029B0D4EB0029B200 /* DefaultAddFriendUseCase.swift */,
				E5AE4F2C29B0A8BC0029B200 /* DefaultFriendListUseCase.swift */,
			);
			path = Friend;
			sourceTree = "<group>";
		};
		76280D242987928B0061206A /* Protocol */ = {
			isa = PBXGroup;
			children = (
				E5883E1F29AF6766007BF206 /* AcceptFriendUseCase.swift */,
				E5AE4F2E29B0D4DE0029B200 /* AddFriendUseCase.swift */,
				E5AE4F2A29B0A8780029B200 /* FriendListUseCase.swift */,
			);
			path = Protocol;
			sourceTree = "<group>";
		};
		76280D25298792900061206A /* Calendar */ = {
			isa = PBXGroup;
			children = (
				76280D26298792940061206A /* Protocol */,
				E5AE4F3E29B37B1A0029B200 /* DefaultCalendarUseCase.swift */,
			);
			path = Calendar;
			sourceTree = "<group>";
		};
		76280D26298792940061206A /* Protocol */ = {
			isa = PBXGroup;
			children = (
				E5AE4F3C29B37B120029B200 /* CalendarUseCase.swift */,
			);
			path = Protocol;
			sourceTree = "<group>";
		};
		76280D272987929A0061206A /* Main */ = {
			isa = PBXGroup;
			children = (
				76280D282987929C0061206A /* Protocol */,
				7617372229B1B52D00D9A093 /* DefaultMainUseCase.swift */,
				7628E685298E4DB4002D86F2 /* DefaultMainEditUseCase.swift */,
			);
			path = Main;
			sourceTree = "<group>";
		};
		76280D282987929C0061206A /* Protocol */ = {
			isa = PBXGroup;
			children = (
				762A554429ADEF9A0068AE86 /* MainEditUseCase.swift */,
				76CD7EB429E165D800AFE950 /* MainUseCase.swift */,
			);
			path = Protocol;
			sourceTree = "<group>";
		};
		76280D29298792A00061206A /* Auth */ = {
			isa = PBXGroup;
			children = (
				76280D2A298792A20061206A /* Protocol */,
				474575EF29A4E1FA0031F1E5 /* DefaultLoginUseCase.swift */,
			);
			path = Auth;
			sourceTree = "<group>";
		};
		76280D2A298792A20061206A /* Protocol */ = {
			isa = PBXGroup;
			children = (
				474575ED29A4DEBD0031F1E5 /* LoginUseCase.swift */,
			);
			path = Protocol;
			sourceTree = "<group>";
		};
		76CD7EB329E1517600AFE950 /* Recovered References */ = {
			isa = PBXGroup;
			children = (
			);
			name = "Recovered References";
			sourceTree = "<group>";
		};
		E52CF84B298A59C700829661 /* Enums */ = {
			isa = PBXGroup;
			children = (
				47D1835C298A92C10058C0EC /* AuthType.swift */,
				47549423298F966B008B581D /* AlertType.swift */,
				47F4C4C529BDCA4B0002E51B /* AlertMessageType.swift */,
				7628E68F298E4E9B002D86F2 /* FirestoreAPI.swift */,
				E5F08FF229DEB7E900B7DD47 /* LocaleType.swift */,
				76003E13299E448800F15CAE /* MessageUIType.swift */,
				E552C1F1298B911F00F51179 /* OwnerType.swift */,
				E569162F2998D429006D7231 /* PageType.swift */,
				E5AE4F3229B0E1F30029B200 /* ToastType.swift */,
				47F4C4C329BDBAAA0002E51B /* UserError.swift */,
				E54ACBD22A051F440012EEDA /* ShareType.swift */,
			);
			path = Enums;
			sourceTree = "<group>";
		};
		E552C21C2990BE7300F51179 /* ViewController */ = {
			isa = PBXGroup;
			children = (
				E552C21F2990BE9300F51179 /* SettingViewController.swift */,
				E552C2212990BEA700F51179 /* AlarmSettingViewController.swift */,
				E552C2232990BEB300F51179 /* AlarmDaySettingViewController.swift */,
			);
			path = ViewController;
			sourceTree = "<group>";
		};
		E552C21D2990BE7A00F51179 /* ViewModel */ = {
			isa = PBXGroup;
			children = (
				E552C2252990BEBB00F51179 /* SettingViewModel.swift */,
				7603FA1D2996522200D2C9C8 /* AlarmSettingViewModel.swift */,
			);
			path = ViewModel;
			sourceTree = "<group>";
		};
		E552C21E2990BE7F00F51179 /* View */ = {
			isa = PBXGroup;
			children = (
				E552C2272990BECC00F51179 /* SettingCell.swift */,
				E552C2292990BED800F51179 /* SettingHeaderView.swift */,
				E552C22B2990BEF200F51179 /* AlarmDayCell.swift */,
			);
			path = View;
			sourceTree = "<group>";
		};
		E552C2532994C90E00F51179 /* Coordinator */ = {
			isa = PBXGroup;
			children = (
				E552C2542994C92700F51179 /* Coordinator.swift */,
				E552C2562994C93700F51179 /* AppCoordinator.swift */,
			);
			path = Coordinator;
			sourceTree = "<group>";
		};
		E552C258299656E100F51179 /* Coordinator */ = {
			isa = PBXGroup;
			children = (
				E552C259299656EA00F51179 /* MainCoordinator.swift */,
				E552C25B299656F600F51179 /* FriendCoordinator.swift */,
				E552C25D2996570000F51179 /* SettingCoordinator.swift */,
			);
			path = Coordinator;
			sourceTree = "<group>";
		};
		E569162C2998D1EA006D7231 /* Frameworks */ = {
			isa = PBXGroup;
			children = (
				E569162D2998D1EB006D7231 /* WebKit.framework */,
			);
			name = Frameworks;
			sourceTree = "<group>";
		};
		E5C732D129EB75530080012A /* Protocol */ = {
			isa = PBXGroup;
			children = (
				76003E0C29990ED200F15CAE /* UserNotificationService.swift */,
				E5AE4F6029BCACCD0029B200 /* LinkBuildService.swift */,
				E54F3E7F2A05BC5A003B35CF /* KakaoLinkBuildService.swift */,
				4761475829DE68E7000349B1 /* AuthService.swift */,
				47B5084629AA53A10046A982 /* AppleLoginService.swift */,
				47B5084429AA02AF0046A982 /* KakaoLoginService.swift */,
				7628E68D298E4E82002D86F2 /* FirestoreDatabaseService.swift */,
				47811A5B29D97C0D00E672AF /* FirebaseAuthService.swift */,
			);
			path = Protocol;
			sourceTree = "<group>";
		};
		E5C732D229EB75D90080012A /* ViewController */ = {
			isa = PBXGroup;
			children = (
				47D18365298D16640058C0EC /* FriendListViewController.swift */,
				7628E67B298D9D31002D86F2 /* AddFriendViewController.swift */,
				7628E67D298DA61D002D86F2 /* AcceptFriendViewController.swift */,
			);
			path = ViewController;
			sourceTree = "<group>";
		};
		E5C732D329EB75DE0080012A /* ViewModel */ = {
			isa = PBXGroup;
			children = (
				47D18367298D16730058C0EC /* FriendListViewModel.swift */,
				E52F65ED29AC7E89007C36AE /* AddFriendViewModel.swift */,
				E52F65F429AC859F007C36AE /* AcceptFriendViewModel.swift */,
			);
			path = ViewModel;
			sourceTree = "<group>";
		};
		E5C732D429EB75E30080012A /* View */ = {
			isa = PBXGroup;
			children = (
				47D18369298D1A610058C0EC /* FriendListCell.swift */,
			);
			path = View;
			sourceTree = "<group>";
		};
		E5C732D529EB75FD0080012A /* ViewController */ = {
			isa = PBXGroup;
			children = (
				E5D43434298A3291004EDFC7 /* CalendarViewController.swift */,
			);
			path = ViewController;
			sourceTree = "<group>";
		};
		E5C732D629EB76050080012A /* ViewModel */ = {
			isa = PBXGroup;
			children = (
				E552C261299658F100F51179 /* CalendarViewModel.swift */,
			);
			path = ViewModel;
			sourceTree = "<group>";
		};
		E5C732D729EB76160080012A /* ViewController */ = {
			isa = PBXGroup;
			children = (
				76F6C0A2298D968D00A124CD /* MainViewController.swift */,
				76F6C0A8298D97A700A124CD /* MainEditViewController.swift */,
			);
			path = ViewController;
			sourceTree = "<group>";
		};
		E5C732D829EB761B0080012A /* ViewModel */ = {
			isa = PBXGroup;
			children = (
				76F6C0A4298D969700A124CD /* MainViewModel.swift */,
				7628E689298E4E76002D86F2 /* MainEditViewModel.swift */,
			);
			path = ViewModel;
			sourceTree = "<group>";
		};
		E5C732D929EB76200080012A /* View */ = {
			isa = PBXGroup;
			children = (
				76D47BB0298F91330091F8FB /* MainCell.swift */,
			);
			path = View;
			sourceTree = "<group>";
		};
		E5C732DA29EB762E0080012A /* ViewController */ = {
			isa = PBXGroup;
			children = (
				47D18358298A86F10058C0EC /* LoginViewController.swift */,
			);
			path = ViewController;
			sourceTree = "<group>";
		};
		E5C732DB29EB76340080012A /* ViewModel */ = {
			isa = PBXGroup;
			children = (
				47D18363298D0EDC0058C0EC /* LoginViewModel.swift */,
			);
			path = ViewModel;
			sourceTree = "<group>";
		};
		E5C732DC29EB76400080012A /* ViewController */ = {
			isa = PBXGroup;
			children = (
				47C38780298E390D0030833F /* DayengAlertViewController.swift */,
				E51C6DF529D7032200D40EC9 /* NetworkDisconnectViewController.swift */,
				E569162A2998D1D9006D7231 /* WebViewController.swift */,
			);
			path = ViewController;
			sourceTree = "<group>";
		};
		E5C732DD29EB76450080012A /* View */ = {
			isa = PBXGroup;
			children = (
				47D1835A298A8DDD0058C0EC /* AuthButton.swift */,
				E54ACBD02A051F320012EEDA /* ShareButton.swift */,
				76F6C0A6298D96CF00A124CD /* CommonMainView.swift */,
				E5D43436298A3905004EDFC7 /* CommonCalendarCell.swift */,
				76003E11299E361D00F15CAE /* IndicatorView.swift */,
				47C75ABD2A0633DD0070405E /* PaddingLabel.swift */,
			);
			path = View;
			sourceTree = "<group>";
		};
		E5C732DE29EB765B0080012A /* ViewController */ = {
			isa = PBXGroup;
			children = (
				E5D433FF2988CDE5004EDFC7 /* SplashViewController.swift */,
			);
			path = ViewController;
			sourceTree = "<group>";
		};
		E5C732DF29EB76610080012A /* ViewModel */ = {
			isa = PBXGroup;
			children = (
				E552C25F2996573A00F51179 /* SplashViewModel.swift */,
			);
			path = ViewModel;
			sourceTree = "<group>";
		};
		E5C732E029EB76650080012A /* View */ = {
			isa = PBXGroup;
			children = (
				76280CF129878A410061206A /* LaunchScreen.storyboard */,
			);
			path = View;
			sourceTree = "<group>";
		};
		E5C732E129EB76830080012A /* Splash */ = {
			isa = PBXGroup;
			children = (
				E5C732E229EB76890080012A /* Protocol */,
				47E0A5E42997743F0093645B /* DefaultSplashUseCase.swift */,
			);
			path = Splash;
			sourceTree = "<group>";
		};
		E5C732E229EB76890080012A /* Protocol */ = {
			isa = PBXGroup;
			children = (
				47E0A5E2299773CB0093645B /* SplashUseCase.swift */,
			);
			path = Protocol;
			sourceTree = "<group>";
		};
		E5D433FC2988CD9F004EDFC7 /* Splash */ = {
			isa = PBXGroup;
			children = (
				E5C732E029EB76650080012A /* View */,
				E5C732DF29EB76610080012A /* ViewModel */,
				E5C732DE29EB765B0080012A /* ViewController */,
			);
			path = Splash;
			sourceTree = "<group>";
		};
		E5D434012988D416004EDFC7 /* Etc */ = {
			isa = PBXGroup;
			children = (
				E5D4342D2988E22F004EDFC7 /* Dayeng-Book.json */,
			);
			path = Etc;
			sourceTree = "<group>";
		};
/* End PBXGroup section */

/* Begin PBXNativeTarget section */
		76280CE229878A3F0061206A /* Dayeng */ = {
			isa = PBXNativeTarget;
			buildConfigurationList = 76280CF729878A410061206A /* Build configuration list for PBXNativeTarget "Dayeng" */;
			buildPhases = (
				76280CDF29878A3F0061206A /* Sources */,
				76280CE029878A3F0061206A /* Frameworks */,
				76280CE129878A3F0061206A /* Resources */,
				76280D0D29878CC90061206A /* ShellScript */,
			);
			buildRules = (
			);
			dependencies = (
			);
			name = Dayeng;
			packageProductDependencies = (
				76280CFB29878B8C0061206A /* SnapKit */,
				76280CFE29878BAE0061206A /* RxCocoa */,
				76280D0029878BAE0061206A /* RxRelay */,
				76280D0229878BAE0061206A /* RxSwift */,
				76280D0529878C870061206A /* FirebaseAuth */,
				76280D0729878C870061206A /* FirebaseFirestore */,
				76280D0929878C870061206A /* FirebaseFirestoreSwift */,
				76280D0B29878C870061206A /* FirebaseMessaging */,
				76280D2C29879F770061206A /* Lottie */,
				E52F65F029AC7F20007C36AE /* RxKeyboard */,
				E52F65F229AC7F79007C36AE /* FirebaseDynamicLinks */,
				47B5083E29A9E4490046A982 /* RxKakaoSDKAuth */,
				47B5084029A9E4490046A982 /* RxKakaoSDKCommon */,
				47B5084229A9E4490046A982 /* RxKakaoSDKUser */,
				E54ACBCE2A04C3E30012EEDA /* RxKakaoSDKShare */,
			);
			productName = Dayeng;
			productReference = 76280CE329878A3F0061206A /* Dayeng.app */;
			productType = "com.apple.product-type.application";
		};
/* End PBXNativeTarget section */

/* Begin PBXProject section */
		76280CDB29878A3F0061206A /* Project object */ = {
			isa = PBXProject;
			attributes = {
				BuildIndependentTargetsInParallel = 1;
				LastSwiftUpdateCheck = 1410;
				LastUpgradeCheck = 1410;
				TargetAttributes = {
					76280CE229878A3F0061206A = {
						CreatedOnToolsVersion = 14.1;
					};
				};
			};
			buildConfigurationList = 76280CDE29878A3F0061206A /* Build configuration list for PBXProject "Dayeng" */;
			compatibilityVersion = "Xcode 14.0";
			developmentRegion = en;
			hasScannedForEncodings = 0;
			knownRegions = (
				en,
				Base,
			);
			mainGroup = 76280CDA29878A3F0061206A;
			packageReferences = (
				76280CFA29878B8C0061206A /* XCRemoteSwiftPackageReference "SnapKit" */,
				76280CFD29878BAE0061206A /* XCRemoteSwiftPackageReference "RxSwift" */,
				76280D0429878C870061206A /* XCRemoteSwiftPackageReference "firebase-ios-sdk" */,
				76280D2B29879F770061206A /* XCRemoteSwiftPackageReference "lottie-ios" */,
				E52F65EF29AC7F1F007C36AE /* XCRemoteSwiftPackageReference "RxKeyboard" */,
				47B5083D29A9E4490046A982 /* XCRemoteSwiftPackageReference "kakao-ios-sdk-rx" */,
			);
			productRefGroup = 76280CE429878A3F0061206A /* Products */;
			projectDirPath = "";
			projectRoot = "";
			targets = (
				76280CE229878A3F0061206A /* Dayeng */,
			);
		};
/* End PBXProject section */

/* Begin PBXResourcesBuildPhase section */
		76280CE129878A3F0061206A /* Resources */ = {
			isa = PBXResourcesBuildPhase;
			buildActionMask = 2147483647;
			files = (
				76280CF329878A410061206A /* LaunchScreen.storyboard in Resources */,
				E5AE4F3729B0EE120029B200 /* GoogleService-Info.plist in Resources */,
				E5D4342E2988E22F004EDFC7 /* Dayeng-Book.json in Resources */,
				76280CF029878A410061206A /* Assets.xcassets in Resources */,
			);
			runOnlyForDeploymentPostprocessing = 0;
		};
/* End PBXResourcesBuildPhase section */

/* Begin PBXShellScriptBuildPhase section */
		76280D0D29878CC90061206A /* ShellScript */ = {
			isa = PBXShellScriptBuildPhase;
			buildActionMask = 2147483647;
			files = (
			);
			inputFileListPaths = (
			);
			inputPaths = (
			);
			outputFileListPaths = (
			);
			outputPaths = (
			);
			runOnlyForDeploymentPostprocessing = 0;
			shellPath = /bin/sh;
			shellScript = "if test -d \"/opt/homebrew/bin/\"; then\n  PATH=\"/opt/homebrew/bin/:${PATH}\"\nfi\n\nexport PATH\n\nif which swiftlint >/dev/null; then\n  swiftlint\nelse\n  echo \"warning: SwiftLint not installed, download from https://github.com/realm/SwiftLint\"\nfi\n";
		};
/* End PBXShellScriptBuildPhase section */

/* Begin PBXSourcesBuildPhase section */
		76280CDF29878A3F0061206A /* Sources */ = {
			isa = PBXSourcesBuildPhase;
			buildActionMask = 2147483647;
			files = (
				E54ACBCD2A04A9D30012EEDA /* AppDelegate.swift in Sources */,
				E5AE4F3329B0E1F30029B200 /* ToastType.swift in Sources */,
				E52F65EE29AC7E89007C36AE /* AddFriendViewModel.swift in Sources */,
				E5AE4F6129BCACCD0029B200 /* LinkBuildService.swift in Sources */,
				7628E68E298E4E83002D86F2 /* FirestoreDatabaseService.swift in Sources */,
				E552C2552994C92700F51179 /* Coordinator.swift in Sources */,
				47B5084929AA7CB00046A982 /* DefaultKakaoLoginService.swift in Sources */,
				76CD7EB529E165D800AFE950 /* MainUseCase.swift in Sources */,
				76F6C0A9298D97A700A124CD /* MainEditViewController.swift in Sources */,
				7628E68C298E4E80002D86F2 /* DefaultFirestoreDatabaseService.swift in Sources */,
				7628E684298E4DA7002D86F2 /* DefaultUserRepository.swift in Sources */,
				7603FA202996556200D2C9C8 /* DefaultAlarmSettingUseCase.swift in Sources */,
				762A554529ADEF9A0068AE86 /* MainEditUseCase.swift in Sources */,
				E5AE4F3F29B37B1A0029B200 /* DefaultCalendarUseCase.swift in Sources */,
				4794DB1829B3494B0032AF86 /* SettingUseCase.swift in Sources */,
				47B5084529AA02AF0046A982 /* KakaoLoginService.swift in Sources */,
				7628E680298E4D9C002D86F2 /* UserDTO.swift in Sources */,
				E56916302998D429006D7231 /* PageType.swift in Sources */,
				E552C22A2990BED800F51179 /* SettingHeaderView.swift in Sources */,
				47E0A5DB299770890093645B /* Answer.swift in Sources */,
				E5883E2029AF6766007BF206 /* AcceptFriendUseCase.swift in Sources */,
				47B5084729AA53A10046A982 /* AppleLoginService.swift in Sources */,
				47C38781298E390D0030833F /* DayengAlertViewController.swift in Sources */,
				E5AE4F2F29B0D4DE0029B200 /* AddFriendUseCase.swift in Sources */,
				E54F3E822A05BC65003B35CF /* DefaultKakaoLinkBuildService.swift in Sources */,
				7628E67C298D9D31002D86F2 /* AddFriendViewController.swift in Sources */,
				47D1835F298A94790058C0EC /* UIColor+.swift in Sources */,
				47E0A5EB2998ED8C0093645B /* Data+.swift in Sources */,
				47D1835B298A8DDD0058C0EC /* AuthButton.swift in Sources */,
				E5883E2229AF6778007BF206 /* DefaultAcceptFriendUseCase.swift in Sources */,
				47E0A5E52997743F0093645B /* DefaultSplashUseCase.swift in Sources */,
				E5AE4F5F29BCACBC0029B200 /* DefaultLinkBuildService.swift in Sources */,
				47E0A5E9299775060093645B /* DefaultQuestionRepository.swift in Sources */,
				E5AE4F3129B0D4EC0029B200 /* DefaultAddFriendUseCase.swift in Sources */,
				47D1835D298A92C10058C0EC /* AuthType.swift in Sources */,
				474575F029A4E1FA0031F1E5 /* DefaultLoginUseCase.swift in Sources */,
				47C75ABE2A0633DD0070405E /* PaddingLabel.swift in Sources */,
				E552C2242990BEB300F51179 /* AlarmDaySettingViewController.swift in Sources */,
				47D18366298D16640058C0EC /* FriendListViewController.swift in Sources */,
				47D1836C298D40940058C0EC /* User.swift in Sources */,
				E552C2202990BE9300F51179 /* SettingViewController.swift in Sources */,
				4799A65829A7E2380071F8F9 /* DefaultAppleLoginService.swift in Sources */,
				47F4C4C629BDCA4B0002E51B /* AlertMessageType.swift in Sources */,
				47E0A5DD299770EA0093645B /* AnswerDTO.swift in Sources */,
				47811A5E29D97C1900E672AF /* DefaultFirebaseAuthService.swift in Sources */,
				47D18368298D16730058C0EC /* FriendListViewModel.swift in Sources */,
				47C75ABC2A062CAF0070405E /* UITextfield+.swift in Sources */,
				76280CE929878A3F0061206A /* SceneDelegate.swift in Sources */,
				E5AE4F2D29B0A8BC0029B200 /* DefaultFriendListUseCase.swift in Sources */,
				E552C25C299656F600F51179 /* FriendCoordinator.swift in Sources */,
				E54ACBD32A051F440012EEDA /* ShareType.swift in Sources */,
				E552C2522994BD3700F51179 /* OwnerType.swift in Sources */,
				E5AE4F2B29B0A8790029B200 /* FriendListUseCase.swift in Sources */,
				7603FA1E2996522200D2C9C8 /* AlarmSettingViewModel.swift in Sources */,
				E552C22C2990BEF200F51179 /* AlarmDayCell.swift in Sources */,
				476A62672993FE010074231E /* Question.swift in Sources */,
				E552C25E2996570000F51179 /* SettingCoordinator.swift in Sources */,
				E552C2222990BEA700F51179 /* AlarmSettingViewController.swift in Sources */,
				76003E092998DF4A00F15CAE /* UserDefaults+.swift in Sources */,
				E552C2262990BEBB00F51179 /* SettingViewModel.swift in Sources */,
				47D18361298B8D760058C0EC /* UIImage+.swift in Sources */,
				47F4C4C429BDBAAA0002E51B /* UserError.swift in Sources */,
				E552C2282990BECC00F51179 /* SettingCell.swift in Sources */,
				4761475929DE68E7000349B1 /* AuthService.swift in Sources */,
				E52F65F529AC859F007C36AE /* AcceptFriendViewModel.swift in Sources */,
				7603FA22299793B500D2C9C8 /* AlarmSettingUseCase.swift in Sources */,
				47D18359298A86F10058C0EC /* LoginViewController.swift in Sources */,
				E552C262299658F100F51179 /* CalendarViewModel.swift in Sources */,
				474575EE29A4DEBD0031F1E5 /* LoginUseCase.swift in Sources */,
				7617372329B1B52D00D9A093 /* DefaultMainUseCase.swift in Sources */,
				E552C25A299656EA00F51179 /* MainCoordinator.swift in Sources */,
				76003E12299E361D00F15CAE /* IndicatorView.swift in Sources */,
				47D18364298D0EDC0058C0EC /* LoginViewModel.swift in Sources */,
				76003E0F29990EE200F15CAE /* DefaultUserNotificationService.swift in Sources */,
				4754942829900414008B581D /* DefaultDayengCacheService.swift in Sources */,
				47811A5C29D97C0D00E672AF /* FirebaseAuthService.swift in Sources */,
				E5D434002988CDE5004EDFC7 /* SplashViewController.swift in Sources */,
				4794DB1A29B349580032AF86 /* DefaultSettingUseCase.swift in Sources */,
				7628E67E298DA61D002D86F2 /* AcceptFriendViewController.swift in Sources */,
				76F6C0A5298D969700A124CD /* MainViewModel.swift in Sources */,
				4761475B29DE68F1000349B1 /* DefaultAuthService.swift in Sources */,
				76F6C0AD298D985F00A124CD /* Date+.swift in Sources */,
				474A62B829A2346A002176AB /* AuthenticationServices+Rx.swift in Sources */,
				474A62B629A22E42002176AB /* ASAuthorizationControllerProxy.swift in Sources */,
				E54ACBD12A051F330012EEDA /* ShareButton.swift in Sources */,
				E5F08FF329DEB7E900B7DD47 /* LocaleType.swift in Sources */,
				E5AE4F3D29B37B120029B200 /* CalendarUseCase.swift in Sources */,
				47E0A5E7299774C20093645B /* QuestionRepository.swift in Sources */,
				E569162B2998D1D9006D7231 /* WebViewController.swift in Sources */,
				E5D43435298A3291004EDFC7 /* CalendarViewController.swift in Sources */,
				E51C6DF629D7032200D40EC9 /* NetworkDisconnectViewController.swift in Sources */,
				76F6C0A7298D96CF00A124CD /* CommonMainView.swift in Sources */,
				E552C2572994C93700F51179 /* AppCoordinator.swift in Sources */,
				7628E68A298E4E76002D86F2 /* MainEditViewModel.swift in Sources */,
				76F6C0A3298D968D00A124CD /* MainViewController.swift in Sources */,
				76003E14299E448800F15CAE /* MessageUIType.swift in Sources */,
				47D1836A298D1A610058C0EC /* FriendListCell.swift in Sources */,
				47E0A5E3299773CB0093645B /* SplashUseCase.swift in Sources */,
				47549424298F966B008B581D /* AlertType.swift in Sources */,
				47549417298E4C16008B581D /* UIViewController+.swift in Sources */,
				E5A2513129AC922E00F62313 /* UIView+.swift in Sources */,
				477800F5299B64FC008FFE79 /* DayengDefaults.swift in Sources */,
				E5D43439298A4892004EDFC7 /* NSTextAttachment+.swift in Sources */,
				476A626D2996646A0074231E /* DayengCacheService.swift in Sources */,
				7628E690298E4E9B002D86F2 /* FirestoreAPI.swift in Sources */,
				476A62692993FE460074231E /* QuestionDTO.swift in Sources */,
				E552C2602996573A00F51179 /* SplashViewModel.swift in Sources */,
				76003E0D29990ED200F15CAE /* UserNotificationService.swift in Sources */,
				E51C6DF429D7028900D40EC9 /* NetworkMonitor.swift in Sources */,
				7628E682298E4DA4002D86F2 /* UserRepository.swift in Sources */,
				7628E686298E4DB4002D86F2 /* DefaultMainEditUseCase.swift in Sources */,
				E54F3E802A05BC5A003B35CF /* KakaoLinkBuildService.swift in Sources */,
				E5D43437298A3905004EDFC7 /* CommonCalendarCell.swift in Sources */,
				76D47BB1298F91330091F8FB /* MainCell.swift in Sources */,
			);
			runOnlyForDeploymentPostprocessing = 0;
		};
/* End PBXSourcesBuildPhase section */

/* Begin PBXVariantGroup section */
		76280CF129878A410061206A /* LaunchScreen.storyboard */ = {
			isa = PBXVariantGroup;
			children = (
				76280CF229878A410061206A /* Base */,
			);
			name = LaunchScreen.storyboard;
			sourceTree = "<group>";
		};
/* End PBXVariantGroup section */

/* Begin XCBuildConfiguration section */
		76280CF529878A410061206A /* Debug */ = {
			isa = XCBuildConfiguration;
			buildSettings = {
				ALWAYS_SEARCH_USER_PATHS = NO;
				CLANG_ANALYZER_NONNULL = YES;
				CLANG_ANALYZER_NUMBER_OBJECT_CONVERSION = YES_AGGRESSIVE;
				CLANG_CXX_LANGUAGE_STANDARD = "gnu++20";
				CLANG_ENABLE_MODULES = YES;
				CLANG_ENABLE_OBJC_ARC = YES;
				CLANG_ENABLE_OBJC_WEAK = YES;
				CLANG_WARN_BLOCK_CAPTURE_AUTORELEASING = YES;
				CLANG_WARN_BOOL_CONVERSION = YES;
				CLANG_WARN_COMMA = YES;
				CLANG_WARN_CONSTANT_CONVERSION = YES;
				CLANG_WARN_DEPRECATED_OBJC_IMPLEMENTATIONS = YES;
				CLANG_WARN_DIRECT_OBJC_ISA_USAGE = YES_ERROR;
				CLANG_WARN_DOCUMENTATION_COMMENTS = YES;
				CLANG_WARN_EMPTY_BODY = YES;
				CLANG_WARN_ENUM_CONVERSION = YES;
				CLANG_WARN_INFINITE_RECURSION = YES;
				CLANG_WARN_INT_CONVERSION = YES;
				CLANG_WARN_NON_LITERAL_NULL_CONVERSION = YES;
				CLANG_WARN_OBJC_IMPLICIT_RETAIN_SELF = YES;
				CLANG_WARN_OBJC_LITERAL_CONVERSION = YES;
				CLANG_WARN_OBJC_ROOT_CLASS = YES_ERROR;
				CLANG_WARN_QUOTED_INCLUDE_IN_FRAMEWORK_HEADER = YES;
				CLANG_WARN_RANGE_LOOP_ANALYSIS = YES;
				CLANG_WARN_STRICT_PROTOTYPES = YES;
				CLANG_WARN_SUSPICIOUS_MOVE = YES;
				CLANG_WARN_UNGUARDED_AVAILABILITY = YES_AGGRESSIVE;
				CLANG_WARN_UNREACHABLE_CODE = YES;
				CLANG_WARN__DUPLICATE_METHOD_MATCH = YES;
				COPY_PHASE_STRIP = NO;
				DEBUG_INFORMATION_FORMAT = dwarf;
				ENABLE_STRICT_OBJC_MSGSEND = YES;
				ENABLE_TESTABILITY = YES;
				GCC_C_LANGUAGE_STANDARD = gnu11;
				GCC_DYNAMIC_NO_PIC = NO;
				GCC_NO_COMMON_BLOCKS = YES;
				GCC_OPTIMIZATION_LEVEL = 0;
				GCC_PREPROCESSOR_DEFINITIONS = (
					"DEBUG=1",
					"$(inherited)",
				);
				GCC_WARN_64_TO_32_BIT_CONVERSION = YES;
				GCC_WARN_ABOUT_RETURN_TYPE = YES_ERROR;
				GCC_WARN_UNDECLARED_SELECTOR = YES;
				GCC_WARN_UNINITIALIZED_AUTOS = YES_AGGRESSIVE;
				GCC_WARN_UNUSED_FUNCTION = YES;
				GCC_WARN_UNUSED_VARIABLE = YES;
				IPHONEOS_DEPLOYMENT_TARGET = 16.1;
				MTL_ENABLE_DEBUG_INFO = INCLUDE_SOURCE;
				MTL_FAST_MATH = YES;
				ONLY_ACTIVE_ARCH = YES;
				SDKROOT = iphoneos;
				SWIFT_ACTIVE_COMPILATION_CONDITIONS = DEBUG;
				SWIFT_OPTIMIZATION_LEVEL = "-Onone";
			};
			name = Debug;
		};
		76280CF629878A410061206A /* Release */ = {
			isa = XCBuildConfiguration;
			buildSettings = {
				ALWAYS_SEARCH_USER_PATHS = NO;
				CLANG_ANALYZER_NONNULL = YES;
				CLANG_ANALYZER_NUMBER_OBJECT_CONVERSION = YES_AGGRESSIVE;
				CLANG_CXX_LANGUAGE_STANDARD = "gnu++20";
				CLANG_ENABLE_MODULES = YES;
				CLANG_ENABLE_OBJC_ARC = YES;
				CLANG_ENABLE_OBJC_WEAK = YES;
				CLANG_WARN_BLOCK_CAPTURE_AUTORELEASING = YES;
				CLANG_WARN_BOOL_CONVERSION = YES;
				CLANG_WARN_COMMA = YES;
				CLANG_WARN_CONSTANT_CONVERSION = YES;
				CLANG_WARN_DEPRECATED_OBJC_IMPLEMENTATIONS = YES;
				CLANG_WARN_DIRECT_OBJC_ISA_USAGE = YES_ERROR;
				CLANG_WARN_DOCUMENTATION_COMMENTS = YES;
				CLANG_WARN_EMPTY_BODY = YES;
				CLANG_WARN_ENUM_CONVERSION = YES;
				CLANG_WARN_INFINITE_RECURSION = YES;
				CLANG_WARN_INT_CONVERSION = YES;
				CLANG_WARN_NON_LITERAL_NULL_CONVERSION = YES;
				CLANG_WARN_OBJC_IMPLICIT_RETAIN_SELF = YES;
				CLANG_WARN_OBJC_LITERAL_CONVERSION = YES;
				CLANG_WARN_OBJC_ROOT_CLASS = YES_ERROR;
				CLANG_WARN_QUOTED_INCLUDE_IN_FRAMEWORK_HEADER = YES;
				CLANG_WARN_RANGE_LOOP_ANALYSIS = YES;
				CLANG_WARN_STRICT_PROTOTYPES = YES;
				CLANG_WARN_SUSPICIOUS_MOVE = YES;
				CLANG_WARN_UNGUARDED_AVAILABILITY = YES_AGGRESSIVE;
				CLANG_WARN_UNREACHABLE_CODE = YES;
				CLANG_WARN__DUPLICATE_METHOD_MATCH = YES;
				COPY_PHASE_STRIP = NO;
				DEBUG_INFORMATION_FORMAT = "dwarf-with-dsym";
				ENABLE_NS_ASSERTIONS = NO;
				ENABLE_STRICT_OBJC_MSGSEND = YES;
				GCC_C_LANGUAGE_STANDARD = gnu11;
				GCC_NO_COMMON_BLOCKS = YES;
				GCC_WARN_64_TO_32_BIT_CONVERSION = YES;
				GCC_WARN_ABOUT_RETURN_TYPE = YES_ERROR;
				GCC_WARN_UNDECLARED_SELECTOR = YES;
				GCC_WARN_UNINITIALIZED_AUTOS = YES_AGGRESSIVE;
				GCC_WARN_UNUSED_FUNCTION = YES;
				GCC_WARN_UNUSED_VARIABLE = YES;
				IPHONEOS_DEPLOYMENT_TARGET = 16.1;
				MTL_ENABLE_DEBUG_INFO = NO;
				MTL_FAST_MATH = YES;
				SDKROOT = iphoneos;
				SWIFT_COMPILATION_MODE = wholemodule;
				SWIFT_OPTIMIZATION_LEVEL = "-O";
				VALIDATE_PRODUCT = YES;
			};
			name = Release;
		};
		76280CF829878A410061206A /* Debug */ = {
			isa = XCBuildConfiguration;
			buildSettings = {
				ASSETCATALOG_COMPILER_APPICON_NAME = AppIcon;
				ASSETCATALOG_COMPILER_GLOBAL_ACCENT_COLOR_NAME = AccentColor;
				CODE_SIGN_ENTITLEMENTS = Dayeng/Dayeng.entitlements;
				CODE_SIGN_IDENTITY = "Apple Development";
				"CODE_SIGN_IDENTITY[sdk=iphoneos*]" = "iPhone Developer";
				CODE_SIGN_STYLE = Manual;
				CURRENT_PROJECT_VERSION = 1;
				DEVELOPMENT_TEAM = "";
				"DEVELOPMENT_TEAM[sdk=iphoneos*]" = 5R9YHBW9BJ;
				GENERATE_INFOPLIST_FILE = YES;
				INFOPLIST_FILE = Dayeng/App/Info.plist;
				INFOPLIST_KEY_CFBundleDisplayName = Dayeng;
				INFOPLIST_KEY_LSApplicationCategoryType = "public.app-category.lifestyle";
				INFOPLIST_KEY_UIApplicationSupportsIndirectInputEvents = YES;
				INFOPLIST_KEY_UILaunchStoryboardName = LaunchScreen;
				INFOPLIST_KEY_UISupportedInterfaceOrientations = UIInterfaceOrientationPortrait;
				INFOPLIST_KEY_UISupportedInterfaceOrientations_iPad = "UIInterfaceOrientationLandscapeLeft UIInterfaceOrientationLandscapeRight UIInterfaceOrientationPortrait UIInterfaceOrientationPortraitUpsideDown";
				IPHONEOS_DEPLOYMENT_TARGET = 14.0;
				LD_RUNPATH_SEARCH_PATHS = (
					"$(inherited)",
					"@executable_path/Frameworks",
				);
				MARKETING_VERSION = 1.0;
				PRODUCT_BUNDLE_IDENTIFIER = com.team.dayeng;
				PRODUCT_NAME = "$(TARGET_NAME)";
				PROVISIONING_PROFILE_SPECIFIER = "";
				"PROVISIONING_PROFILE_SPECIFIER[sdk=iphoneos*]" = "Apple Sign";
				SUPPORTED_PLATFORMS = "iphoneos iphonesimulator";
				SUPPORTS_MACCATALYST = NO;
				SUPPORTS_MAC_DESIGNED_FOR_IPHONE_IPAD = NO;
				SWIFT_EMIT_LOC_STRINGS = YES;
				SWIFT_VERSION = 5.0;
				TARGETED_DEVICE_FAMILY = 1;
			};
			name = Debug;
		};
		76280CF929878A410061206A /* Release */ = {
			isa = XCBuildConfiguration;
			buildSettings = {
				ASSETCATALOG_COMPILER_APPICON_NAME = AppIcon;
				ASSETCATALOG_COMPILER_GLOBAL_ACCENT_COLOR_NAME = AccentColor;
				CODE_SIGN_ENTITLEMENTS = Dayeng/Dayeng.entitlements;
				CODE_SIGN_IDENTITY = "Apple Development";
				"CODE_SIGN_IDENTITY[sdk=iphoneos*]" = "iPhone Developer";
				CODE_SIGN_STYLE = Manual;
				CURRENT_PROJECT_VERSION = 1;
				DEVELOPMENT_TEAM = "";
				"DEVELOPMENT_TEAM[sdk=iphoneos*]" = 5R9YHBW9BJ;
				GENERATE_INFOPLIST_FILE = YES;
				INFOPLIST_FILE = Dayeng/App/Info.plist;
				INFOPLIST_KEY_CFBundleDisplayName = Dayeng;
				INFOPLIST_KEY_LSApplicationCategoryType = "public.app-category.lifestyle";
				INFOPLIST_KEY_UIApplicationSupportsIndirectInputEvents = YES;
				INFOPLIST_KEY_UILaunchStoryboardName = LaunchScreen;
				INFOPLIST_KEY_UISupportedInterfaceOrientations = UIInterfaceOrientationPortrait;
				INFOPLIST_KEY_UISupportedInterfaceOrientations_iPad = "UIInterfaceOrientationLandscapeLeft UIInterfaceOrientationLandscapeRight UIInterfaceOrientationPortrait UIInterfaceOrientationPortraitUpsideDown";
				IPHONEOS_DEPLOYMENT_TARGET = 14.0;
				LD_RUNPATH_SEARCH_PATHS = (
					"$(inherited)",
					"@executable_path/Frameworks",
				);
				MARKETING_VERSION = 1.0;
				PRODUCT_BUNDLE_IDENTIFIER = com.team.dayeng;
				PRODUCT_NAME = "$(TARGET_NAME)";
				PROVISIONING_PROFILE_SPECIFIER = "";
				"PROVISIONING_PROFILE_SPECIFIER[sdk=iphoneos*]" = "Apple Sign";
				SUPPORTED_PLATFORMS = "iphoneos iphonesimulator";
				SUPPORTS_MACCATALYST = NO;
				SUPPORTS_MAC_DESIGNED_FOR_IPHONE_IPAD = NO;
				SWIFT_EMIT_LOC_STRINGS = YES;
				SWIFT_VERSION = 5.0;
				TARGETED_DEVICE_FAMILY = 1;
			};
			name = Release;
		};
/* End XCBuildConfiguration section */

/* Begin XCConfigurationList section */
		76280CDE29878A3F0061206A /* Build configuration list for PBXProject "Dayeng" */ = {
			isa = XCConfigurationList;
			buildConfigurations = (
				76280CF529878A410061206A /* Debug */,
				76280CF629878A410061206A /* Release */,
			);
			defaultConfigurationIsVisible = 0;
			defaultConfigurationName = Release;
		};
		76280CF729878A410061206A /* Build configuration list for PBXNativeTarget "Dayeng" */ = {
			isa = XCConfigurationList;
			buildConfigurations = (
				76280CF829878A410061206A /* Debug */,
				76280CF929878A410061206A /* Release */,
			);
			defaultConfigurationIsVisible = 0;
			defaultConfigurationName = Release;
		};
/* End XCConfigurationList section */

/* Begin XCRemoteSwiftPackageReference section */
		47B5083D29A9E4490046A982 /* XCRemoteSwiftPackageReference "kakao-ios-sdk-rx" */ = {
			isa = XCRemoteSwiftPackageReference;
			repositoryURL = "https://github.com/kakao/kakao-ios-sdk-rx";
			requirement = {
				branch = master;
				kind = branch;
			};
		};
		76280CFA29878B8C0061206A /* XCRemoteSwiftPackageReference "SnapKit" */ = {
			isa = XCRemoteSwiftPackageReference;
			repositoryURL = "https://github.com/SnapKit/SnapKit";
			requirement = {
				kind = upToNextMajorVersion;
				minimumVersion = 5.0.0;
			};
		};
		76280CFD29878BAE0061206A /* XCRemoteSwiftPackageReference "RxSwift" */ = {
			isa = XCRemoteSwiftPackageReference;
			repositoryURL = "https://github.com/ReactiveX/RxSwift";
			requirement = {
				branch = main;
				kind = branch;
			};
		};
		76280D0429878C870061206A /* XCRemoteSwiftPackageReference "firebase-ios-sdk" */ = {
			isa = XCRemoteSwiftPackageReference;
			repositoryURL = "https://github.com/firebase/firebase-ios-sdk.git";
			requirement = {
				kind = upToNextMajorVersion;
				minimumVersion = 9.0.0;
			};
		};
		76280D2B29879F770061206A /* XCRemoteSwiftPackageReference "lottie-ios" */ = {
			isa = XCRemoteSwiftPackageReference;
			repositoryURL = "https://github.com/airbnb/lottie-ios";
			requirement = {
				kind = upToNextMajorVersion;
				minimumVersion = 4.0.0;
			};
		};
		E52F65EF29AC7F1F007C36AE /* XCRemoteSwiftPackageReference "RxKeyboard" */ = {
			isa = XCRemoteSwiftPackageReference;
			repositoryURL = "https://github.com/RxSwiftCommunity/RxKeyboard";
			requirement = {
				branch = master;
				kind = branch;
			};
		};
/* End XCRemoteSwiftPackageReference section */

/* Begin XCSwiftPackageProductDependency section */
		47B5083E29A9E4490046A982 /* RxKakaoSDKAuth */ = {
			isa = XCSwiftPackageProductDependency;
			package = 47B5083D29A9E4490046A982 /* XCRemoteSwiftPackageReference "kakao-ios-sdk-rx" */;
			productName = RxKakaoSDKAuth;
		};
		47B5084029A9E4490046A982 /* RxKakaoSDKCommon */ = {
			isa = XCSwiftPackageProductDependency;
			package = 47B5083D29A9E4490046A982 /* XCRemoteSwiftPackageReference "kakao-ios-sdk-rx" */;
			productName = RxKakaoSDKCommon;
		};
		47B5084229A9E4490046A982 /* RxKakaoSDKUser */ = {
			isa = XCSwiftPackageProductDependency;
			package = 47B5083D29A9E4490046A982 /* XCRemoteSwiftPackageReference "kakao-ios-sdk-rx" */;
			productName = RxKakaoSDKUser;
		};
		76280CFB29878B8C0061206A /* SnapKit */ = {
			isa = XCSwiftPackageProductDependency;
			package = 76280CFA29878B8C0061206A /* XCRemoteSwiftPackageReference "SnapKit" */;
			productName = SnapKit;
		};
		76280CFE29878BAE0061206A /* RxCocoa */ = {
			isa = XCSwiftPackageProductDependency;
			package = 76280CFD29878BAE0061206A /* XCRemoteSwiftPackageReference "RxSwift" */;
			productName = RxCocoa;
		};
		76280D0029878BAE0061206A /* RxRelay */ = {
			isa = XCSwiftPackageProductDependency;
			package = 76280CFD29878BAE0061206A /* XCRemoteSwiftPackageReference "RxSwift" */;
			productName = RxRelay;
		};
		76280D0229878BAE0061206A /* RxSwift */ = {
			isa = XCSwiftPackageProductDependency;
			package = 76280CFD29878BAE0061206A /* XCRemoteSwiftPackageReference "RxSwift" */;
			productName = RxSwift;
		};
		76280D0529878C870061206A /* FirebaseAuth */ = {
			isa = XCSwiftPackageProductDependency;
			package = 76280D0429878C870061206A /* XCRemoteSwiftPackageReference "firebase-ios-sdk" */;
			productName = FirebaseAuth;
		};
		76280D0729878C870061206A /* FirebaseFirestore */ = {
			isa = XCSwiftPackageProductDependency;
			package = 76280D0429878C870061206A /* XCRemoteSwiftPackageReference "firebase-ios-sdk" */;
			productName = FirebaseFirestore;
		};
		76280D0929878C870061206A /* FirebaseFirestoreSwift */ = {
			isa = XCSwiftPackageProductDependency;
			package = 76280D0429878C870061206A /* XCRemoteSwiftPackageReference "firebase-ios-sdk" */;
			productName = FirebaseFirestoreSwift;
		};
		76280D0B29878C870061206A /* FirebaseMessaging */ = {
			isa = XCSwiftPackageProductDependency;
			package = 76280D0429878C870061206A /* XCRemoteSwiftPackageReference "firebase-ios-sdk" */;
			productName = FirebaseMessaging;
		};
		76280D2C29879F770061206A /* Lottie */ = {
			isa = XCSwiftPackageProductDependency;
			package = 76280D2B29879F770061206A /* XCRemoteSwiftPackageReference "lottie-ios" */;
			productName = Lottie;
		};
		E52F65F029AC7F20007C36AE /* RxKeyboard */ = {
			isa = XCSwiftPackageProductDependency;
			package = E52F65EF29AC7F1F007C36AE /* XCRemoteSwiftPackageReference "RxKeyboard" */;
			productName = RxKeyboard;
		};
		E52F65F229AC7F79007C36AE /* FirebaseDynamicLinks */ = {
			isa = XCSwiftPackageProductDependency;
			package = 76280D0429878C870061206A /* XCRemoteSwiftPackageReference "firebase-ios-sdk" */;
			productName = FirebaseDynamicLinks;
		};
		E54ACBCE2A04C3E30012EEDA /* RxKakaoSDKShare */ = {
			isa = XCSwiftPackageProductDependency;
			package = 47B5083D29A9E4490046A982 /* XCRemoteSwiftPackageReference "kakao-ios-sdk-rx" */;
			productName = RxKakaoSDKShare;
		};
/* End XCSwiftPackageProductDependency section */
	};
	rootObject = 76280CDB29878A3F0061206A /* Project object */;
}
