// !$*UTF8*$!
{
	archiveVersion = 1;
	classes = {
	};
	objectVersion = 56;
	objects = {

/* Begin PBXBuildFile section */
		76280CE729878A3F0061206A /* AppDelegate.swift in Sources */ = {isa = PBXBuildFile; fileRef = 76280CE629878A3F0061206A /* AppDelegate.swift */; };
		76280CE929878A3F0061206A /* SceneDelegate.swift in Sources */ = {isa = PBXBuildFile; fileRef = 76280CE829878A3F0061206A /* SceneDelegate.swift */; };
		76280CEB29878A3F0061206A /* ViewController.swift in Sources */ = {isa = PBXBuildFile; fileRef = 76280CEA29878A3F0061206A /* ViewController.swift */; };
		76280CF029878A410061206A /* Assets.xcassets in Resources */ = {isa = PBXBuildFile; fileRef = 76280CEF29878A410061206A /* Assets.xcassets */; };
		76280CF329878A410061206A /* LaunchScreen.storyboard in Resources */ = {isa = PBXBuildFile; fileRef = 76280CF129878A410061206A /* LaunchScreen.storyboard */; };
		76280CFC29878B8C0061206A /* SnapKit in Frameworks */ = {isa = PBXBuildFile; productRef = 76280CFB29878B8C0061206A /* SnapKit */; };
		76280CFF29878BAE0061206A /* RxCocoa in Frameworks */ = {isa = PBXBuildFile; productRef = 76280CFE29878BAE0061206A /* RxCocoa */; };
		76280D0129878BAE0061206A /* RxRelay in Frameworks */ = {isa = PBXBuildFile; productRef = 76280D0029878BAE0061206A /* RxRelay */; };
		76280D0329878BAE0061206A /* RxSwift in Frameworks */ = {isa = PBXBuildFile; productRef = 76280D0229878BAE0061206A /* RxSwift */; };
		76280D0629878C870061206A /* FirebaseAuth in Frameworks */ = {isa = PBXBuildFile; productRef = 76280D0529878C870061206A /* FirebaseAuth */; };
		76280D0829878C870061206A /* FirebaseFirestore in Frameworks */ = {isa = PBXBuildFile; productRef = 76280D0729878C870061206A /* FirebaseFirestore */; };
		76280D0A29878C870061206A /* FirebaseFirestoreSwift in Frameworks */ = {isa = PBXBuildFile; productRef = 76280D0929878C870061206A /* FirebaseFirestoreSwift */; };
		76280D0C29878C870061206A /* FirebaseMessaging in Frameworks */ = {isa = PBXBuildFile; productRef = 76280D0B29878C870061206A /* FirebaseMessaging */; };
		76280D2D29879F770061206A /* Lottie in Frameworks */ = {isa = PBXBuildFile; productRef = 76280D2C29879F770061206A /* Lottie */; };
		76280D2F2987A7B50061206A /* GoogleService-Info.plist in Resources */ = {isa = PBXBuildFile; fileRef = 76280D2E2987A7B50061206A /* GoogleService-Info.plist */; };
		7628E680298E4D9C002D86F2 /* UserDTO.swift in Sources */ = {isa = PBXBuildFile; fileRef = 7628E67F298E4D9C002D86F2 /* UserDTO.swift */; };
		7628E682298E4DA4002D86F2 /* UserRepository.swift in Sources */ = {isa = PBXBuildFile; fileRef = 7628E681298E4DA4002D86F2 /* UserRepository.swift */; };
		7628E684298E4DA7002D86F2 /* DefaultUserRepository.swift in Sources */ = {isa = PBXBuildFile; fileRef = 7628E683298E4DA7002D86F2 /* DefaultUserRepository.swift */; };
		7628E686298E4DB4002D86F2 /* DefaultMainEditUseCase.swift in Sources */ = {isa = PBXBuildFile; fileRef = 7628E685298E4DB4002D86F2 /* DefaultMainEditUseCase.swift */; };
		7628E688298E4DC0002D86F2 /* User.swift in Sources */ = {isa = PBXBuildFile; fileRef = 7628E687298E4DC0002D86F2 /* User.swift */; };
		7628E68A298E4E76002D86F2 /* MainEditViewModel.swift in Sources */ = {isa = PBXBuildFile; fileRef = 7628E689298E4E76002D86F2 /* MainEditViewModel.swift */; };
		7628E68C298E4E80002D86F2 /* DefaultFirestoreDatabaseService.swift in Sources */ = {isa = PBXBuildFile; fileRef = 7628E68B298E4E80002D86F2 /* DefaultFirestoreDatabaseService.swift */; };
		7628E68E298E4E83002D86F2 /* FirestoreDatabaseService.swift in Sources */ = {isa = PBXBuildFile; fileRef = 7628E68D298E4E82002D86F2 /* FirestoreDatabaseService.swift */; };
		7628E690298E4E9B002D86F2 /* FirestoreAPI.swift in Sources */ = {isa = PBXBuildFile; fileRef = 7628E68F298E4E9B002D86F2 /* FirestoreAPI.swift */; };
		76D47BB1298F91330091F8FB /* MainCell.swift in Sources */ = {isa = PBXBuildFile; fileRef = 76D47BB0298F91330091F8FB /* MainCell.swift */; };
		76F6C0A3298D968D00A124CD /* MainViewController.swift in Sources */ = {isa = PBXBuildFile; fileRef = 76F6C0A2298D968D00A124CD /* MainViewController.swift */; };
		76F6C0A5298D969700A124CD /* MainViewModel.swift in Sources */ = {isa = PBXBuildFile; fileRef = 76F6C0A4298D969700A124CD /* MainViewModel.swift */; };
		76F6C0A7298D96CF00A124CD /* CommonMainView.swift in Sources */ = {isa = PBXBuildFile; fileRef = 76F6C0A6298D96CF00A124CD /* CommonMainView.swift */; };
		76F6C0A9298D97A700A124CD /* MainEditViewController.swift in Sources */ = {isa = PBXBuildFile; fileRef = 76F6C0A8298D97A700A124CD /* MainEditViewController.swift */; };
		76F6C0AB298D97EB00A124CD /* UIViewController+.swift in Sources */ = {isa = PBXBuildFile; fileRef = 76F6C0AA298D97EB00A124CD /* UIViewController+.swift */; };
		76F6C0AD298D985F00A124CD /* Date+.swift in Sources */ = {isa = PBXBuildFile; fileRef = 76F6C0AC298D985F00A124CD /* Date+.swift */; };
		E552C1F2298B911F00F51179 /* OwnerType.swift in Sources */ = {isa = PBXBuildFile; fileRef = E552C1F1298B911F00F51179 /* OwnerType.swift */; };
		E5D434002988CDE5004EDFC7 /* SplashViewController.swift in Sources */ = {isa = PBXBuildFile; fileRef = E5D433FF2988CDE5004EDFC7 /* SplashViewController.swift */; };
		E5D4342E2988E22F004EDFC7 /* Dayeng-Book.json in Resources */ = {isa = PBXBuildFile; fileRef = E5D4342D2988E22F004EDFC7 /* Dayeng-Book.json */; };
		E5D43435298A3291004EDFC7 /* CommonCalendarViewController.swift in Sources */ = {isa = PBXBuildFile; fileRef = E5D43434298A3291004EDFC7 /* CommonCalendarViewController.swift */; };
		E5D43437298A3905004EDFC7 /* CommonCalendarCell.swift in Sources */ = {isa = PBXBuildFile; fileRef = E5D43436298A3905004EDFC7 /* CommonCalendarCell.swift */; };
		E5D43439298A4892004EDFC7 /* NSTextAttachment+.swift in Sources */ = {isa = PBXBuildFile; fileRef = E5D43438298A4892004EDFC7 /* NSTextAttachment+.swift */; };
/* End PBXBuildFile section */

/* Begin PBXFileReference section */
		76280CE329878A3F0061206A /* Dayeng.app */ = {isa = PBXFileReference; explicitFileType = wrapper.application; includeInIndex = 0; path = Dayeng.app; sourceTree = BUILT_PRODUCTS_DIR; };
		76280CE629878A3F0061206A /* AppDelegate.swift */ = {isa = PBXFileReference; lastKnownFileType = sourcecode.swift; path = AppDelegate.swift; sourceTree = "<group>"; };
		76280CE829878A3F0061206A /* SceneDelegate.swift */ = {isa = PBXFileReference; lastKnownFileType = sourcecode.swift; path = SceneDelegate.swift; sourceTree = "<group>"; };
		76280CEA29878A3F0061206A /* ViewController.swift */ = {isa = PBXFileReference; lastKnownFileType = sourcecode.swift; path = ViewController.swift; sourceTree = "<group>"; };
		76280CEF29878A410061206A /* Assets.xcassets */ = {isa = PBXFileReference; lastKnownFileType = folder.assetcatalog; path = Assets.xcassets; sourceTree = "<group>"; };
		76280CF229878A410061206A /* Base */ = {isa = PBXFileReference; lastKnownFileType = file.storyboard; name = Base; path = Base.lproj/LaunchScreen.storyboard; sourceTree = "<group>"; };
		76280CF429878A410061206A /* Info.plist */ = {isa = PBXFileReference; lastKnownFileType = text.plist.xml; path = Info.plist; sourceTree = "<group>"; };
		76280D2E2987A7B50061206A /* GoogleService-Info.plist */ = {isa = PBXFileReference; fileEncoding = 4; lastKnownFileType = text.plist.xml; path = "GoogleService-Info.plist"; sourceTree = "<group>"; };
		7628E67F298E4D9C002D86F2 /* UserDTO.swift */ = {isa = PBXFileReference; fileEncoding = 4; lastKnownFileType = sourcecode.swift; path = UserDTO.swift; sourceTree = "<group>"; };
		7628E681298E4DA4002D86F2 /* UserRepository.swift */ = {isa = PBXFileReference; fileEncoding = 4; lastKnownFileType = sourcecode.swift; path = UserRepository.swift; sourceTree = "<group>"; };
		7628E683298E4DA7002D86F2 /* DefaultUserRepository.swift */ = {isa = PBXFileReference; fileEncoding = 4; lastKnownFileType = sourcecode.swift; path = DefaultUserRepository.swift; sourceTree = "<group>"; };
		7628E685298E4DB4002D86F2 /* DefaultMainEditUseCase.swift */ = {isa = PBXFileReference; fileEncoding = 4; lastKnownFileType = sourcecode.swift; path = DefaultMainEditUseCase.swift; sourceTree = "<group>"; };
		7628E687298E4DC0002D86F2 /* User.swift */ = {isa = PBXFileReference; fileEncoding = 4; lastKnownFileType = sourcecode.swift; path = User.swift; sourceTree = "<group>"; };
		7628E689298E4E76002D86F2 /* MainEditViewModel.swift */ = {isa = PBXFileReference; fileEncoding = 4; lastKnownFileType = sourcecode.swift; path = MainEditViewModel.swift; sourceTree = "<group>"; };
		7628E68B298E4E80002D86F2 /* DefaultFirestoreDatabaseService.swift */ = {isa = PBXFileReference; fileEncoding = 4; lastKnownFileType = sourcecode.swift; path = DefaultFirestoreDatabaseService.swift; sourceTree = "<group>"; };
		7628E68D298E4E82002D86F2 /* FirestoreDatabaseService.swift */ = {isa = PBXFileReference; fileEncoding = 4; lastKnownFileType = sourcecode.swift; path = FirestoreDatabaseService.swift; sourceTree = "<group>"; };
		7628E68F298E4E9B002D86F2 /* FirestoreAPI.swift */ = {isa = PBXFileReference; fileEncoding = 4; lastKnownFileType = sourcecode.swift; path = FirestoreAPI.swift; sourceTree = "<group>"; };
		76D47BB0298F91330091F8FB /* MainCell.swift */ = {isa = PBXFileReference; lastKnownFileType = sourcecode.swift; path = MainCell.swift; sourceTree = "<group>"; };
		76F6C0A2298D968D00A124CD /* MainViewController.swift */ = {isa = PBXFileReference; lastKnownFileType = sourcecode.swift; path = MainViewController.swift; sourceTree = "<group>"; };
		76F6C0A4298D969700A124CD /* MainViewModel.swift */ = {isa = PBXFileReference; lastKnownFileType = sourcecode.swift; path = MainViewModel.swift; sourceTree = "<group>"; };
		76F6C0A6298D96CF00A124CD /* CommonMainView.swift */ = {isa = PBXFileReference; fileEncoding = 4; lastKnownFileType = sourcecode.swift; path = CommonMainView.swift; sourceTree = "<group>"; };
		76F6C0A8298D97A700A124CD /* MainEditViewController.swift */ = {isa = PBXFileReference; lastKnownFileType = sourcecode.swift; path = MainEditViewController.swift; sourceTree = "<group>"; };
		76F6C0AA298D97EB00A124CD /* UIViewController+.swift */ = {isa = PBXFileReference; lastKnownFileType = sourcecode.swift; path = "UIViewController+.swift"; sourceTree = "<group>"; };
		76F6C0AC298D985F00A124CD /* Date+.swift */ = {isa = PBXFileReference; fileEncoding = 4; lastKnownFileType = sourcecode.swift; path = "Date+.swift"; sourceTree = "<group>"; };
		E552C1F1298B911F00F51179 /* OwnerType.swift */ = {isa = PBXFileReference; fileEncoding = 4; lastKnownFileType = sourcecode.swift; path = OwnerType.swift; sourceTree = "<group>"; };
		E5D433FF2988CDE5004EDFC7 /* SplashViewController.swift */ = {isa = PBXFileReference; lastKnownFileType = sourcecode.swift; path = SplashViewController.swift; sourceTree = "<group>"; };
		E5D4342D2988E22F004EDFC7 /* Dayeng-Book.json */ = {isa = PBXFileReference; fileEncoding = 4; lastKnownFileType = text.json; path = "Dayeng-Book.json"; sourceTree = "<group>"; };
		E5D43434298A3291004EDFC7 /* CommonCalendarViewController.swift */ = {isa = PBXFileReference; lastKnownFileType = sourcecode.swift; path = CommonCalendarViewController.swift; sourceTree = "<group>"; };
		E5D43436298A3905004EDFC7 /* CommonCalendarCell.swift */ = {isa = PBXFileReference; lastKnownFileType = sourcecode.swift; path = CommonCalendarCell.swift; sourceTree = "<group>"; };
		E5D43438298A4892004EDFC7 /* NSTextAttachment+.swift */ = {isa = PBXFileReference; lastKnownFileType = sourcecode.swift; path = "NSTextAttachment+.swift"; sourceTree = "<group>"; };
/* End PBXFileReference section */

/* Begin PBXFrameworksBuildPhase section */
		76280CE029878A3F0061206A /* Frameworks */ = {
			isa = PBXFrameworksBuildPhase;
			buildActionMask = 2147483647;
			files = (
				76280D0C29878C870061206A /* FirebaseMessaging in Frameworks */,
				76280D0129878BAE0061206A /* RxRelay in Frameworks */,
				76280D2D29879F770061206A /* Lottie in Frameworks */,
				76280D0629878C870061206A /* FirebaseAuth in Frameworks */,
				76280CFF29878BAE0061206A /* RxCocoa in Frameworks */,
				76280D0A29878C870061206A /* FirebaseFirestoreSwift in Frameworks */,
				76280D0329878BAE0061206A /* RxSwift in Frameworks */,
				76280CFC29878B8C0061206A /* SnapKit in Frameworks */,
				76280D0829878C870061206A /* FirebaseFirestore in Frameworks */,
			);
			runOnlyForDeploymentPostprocessing = 0;
		};
/* End PBXFrameworksBuildPhase section */

/* Begin PBXGroup section */
		76280CDA29878A3F0061206A = {
			isa = PBXGroup;
			children = (
				76280CE529878A3F0061206A /* Dayeng */,
				76280CE429878A3F0061206A /* Products */,
			);
			sourceTree = "<group>";
		};
		76280CE429878A3F0061206A /* Products */ = {
			isa = PBXGroup;
			children = (
				76280CE329878A3F0061206A /* Dayeng.app */,
			);
			name = Products;
			sourceTree = "<group>";
		};
		76280CE529878A3F0061206A /* Dayeng */ = {
			isa = PBXGroup;
			children = (
				76280CEA29878A3F0061206A /* ViewController.swift */,
				76280D1729878E4E0061206A /* App */,
				76280D0E29878DF50061206A /* Data */,
				76280D1129878E280061206A /* Domain */,
				76280D182987918E0061206A /* Presentation */,
				76280D1429878E380061206A /* Util */,
			);
			path = Dayeng;
			sourceTree = "<group>";
		};
		76280D0E29878DF50061206A /* Data */ = {
			isa = PBXGroup;
			children = (
				76280D0F29878E200061206A /* DTO */,
				76280D1029878E230061206A /* Repository */,
			);
			path = Data;
			sourceTree = "<group>";
		};
		76280D0F29878E200061206A /* DTO */ = {
			isa = PBXGroup;
			children = (
				7628E67F298E4D9C002D86F2 /* UserDTO.swift */,
			);
			path = DTO;
			sourceTree = "<group>";
		};
		76280D1029878E230061206A /* Repository */ = {
			isa = PBXGroup;
			children = (
				76280D212987925D0061206A /* Protocol */,
				7628E683298E4DA7002D86F2 /* DefaultUserRepository.swift */,
			);
			path = Repository;
			sourceTree = "<group>";
		};
		76280D1129878E280061206A /* Domain */ = {
			isa = PBXGroup;
			children = (
				76280D1229878E2B0061206A /* UseCase */,
				76280D1329878E340061206A /* Entity */,
			);
			path = Domain;
			sourceTree = "<group>";
		};
		76280D1229878E2B0061206A /* UseCase */ = {
			isa = PBXGroup;
			children = (
				76280D29298792A00061206A /* Auth */,
				76280D272987929A0061206A /* Main */,
				7628E685298E4DB4002D86F2 /* DefaultMainEditUseCase.swift */,
				76280D25298792900061206A /* Calendar */,
				76280D23298792850061206A /* Friend */,
				76280D22298792680061206A /* Setting */,
			);
			path = UseCase;
			sourceTree = "<group>";
		};
		76280D1329878E340061206A /* Entity */ = {
			isa = PBXGroup;
			children = (
				7628E687298E4DC0002D86F2 /* User.swift */,
			);
			path = Entity;
			sourceTree = "<group>";
		};
		76280D1429878E380061206A /* Util */ = {
			isa = PBXGroup;
			children = (
				E5D434012988D416004EDFC7 /* Etc */,
				76280D1629878E460061206A /* Service */,
				76280D1529878E410061206A /* Extension */,
				E52CF84B298A59C700829661 /* Enums */,
			);
			path = Util;
			sourceTree = "<group>";
		};
		76280D1529878E410061206A /* Extension */ = {
			isa = PBXGroup;
			children = (
				76F6C0AC298D985F00A124CD /* Date+.swift */,
				E5D43438298A4892004EDFC7 /* NSTextAttachment+.swift */,
				76F6C0AA298D97EB00A124CD /* UIViewController+.swift */,
			);
			path = Extension;
			sourceTree = "<group>";
		};
		76280D1629878E460061206A /* Service */ = {
			isa = PBXGroup;
			children = (
				7628E68B298E4E80002D86F2 /* DefaultFirestoreDatabaseService.swift */,
				7628E68D298E4E82002D86F2 /* FirestoreDatabaseService.swift */,
			);
			path = Service;
			sourceTree = "<group>";
		};
		76280D1729878E4E0061206A /* App */ = {
			isa = PBXGroup;
			children = (
				76280D2E2987A7B50061206A /* GoogleService-Info.plist */,
				76280CE629878A3F0061206A /* AppDelegate.swift */,
				76280CE829878A3F0061206A /* SceneDelegate.swift */,
				76280CEF29878A410061206A /* Assets.xcassets */,
				76280CF429878A410061206A /* Info.plist */,
			);
			path = App;
			sourceTree = "<group>";
		};
		76280D182987918E0061206A /* Presentation */ = {
			isa = PBXGroup;
			children = (
				E5D433FC2988CD9F004EDFC7 /* Splash */,
				76280D19298791BF0061206A /* Common */,
				76280D1A298791C60061206A /* Auth */,
				76280D1B298791CD0061206A /* Main */,
				76280D1C298791D10061206A /* Calendar */,
				76280D1D298791DD0061206A /* Friend */,
				76280D1E298791E40061206A /* Setting */,
			);
			path = Presentation;
			sourceTree = "<group>";
		};
		76280D19298791BF0061206A /* Common */ = {
			isa = PBXGroup;
			children = (
				76F6C0A6298D96CF00A124CD /* CommonMainView.swift */,
				E5D43434298A3291004EDFC7 /* CommonCalendarViewController.swift */,
				E5D43436298A3905004EDFC7 /* CommonCalendarCell.swift */,
			);
			path = Common;
			sourceTree = "<group>";
		};
		76280D1A298791C60061206A /* Auth */ = {
			isa = PBXGroup;
			children = (
			);
			path = Auth;
			sourceTree = "<group>";
		};
		76280D1B298791CD0061206A /* Main */ = {
			isa = PBXGroup;
			children = (
				76F6C0A2298D968D00A124CD /* MainViewController.swift */,
				76D47BB0298F91330091F8FB /* MainCell.swift */,
				76F6C0A4298D969700A124CD /* MainViewModel.swift */,
				76F6C0A8298D97A700A124CD /* MainEditViewController.swift */,
				7628E689298E4E76002D86F2 /* MainEditViewModel.swift */,
			);
			path = Main;
			sourceTree = "<group>";
		};
		76280D1C298791D10061206A /* Calendar */ = {
			isa = PBXGroup;
			children = (
			);
			path = Calendar;
			sourceTree = "<group>";
		};
		76280D1D298791DD0061206A /* Friend */ = {
			isa = PBXGroup;
			children = (
			);
			path = Friend;
			sourceTree = "<group>";
		};
		76280D1E298791E40061206A /* Setting */ = {
			isa = PBXGroup;
			children = (
			);
			path = Setting;
			sourceTree = "<group>";
		};
		76280D1F2987922C0061206A /* Protocol */ = {
			isa = PBXGroup;
			children = (
			);
			path = Protocol;
			sourceTree = "<group>";
		};
		76280D212987925D0061206A /* Protocol */ = {
			isa = PBXGroup;
			children = (
				7628E681298E4DA4002D86F2 /* UserRepository.swift */,
			);
			path = Protocol;
			sourceTree = "<group>";
		};
		76280D22298792680061206A /* Setting */ = {
			isa = PBXGroup;
			children = (
				76280D1F2987922C0061206A /* Protocol */,
			);
			path = Setting;
			sourceTree = "<group>";
		};
		76280D23298792850061206A /* Friend */ = {
			isa = PBXGroup;
			children = (
				76280D242987928B0061206A /* Protocol */,
			);
			path = Friend;
			sourceTree = "<group>";
		};
		76280D242987928B0061206A /* Protocol */ = {
			isa = PBXGroup;
			children = (
			);
			path = Protocol;
			sourceTree = "<group>";
		};
		76280D25298792900061206A /* Calendar */ = {
			isa = PBXGroup;
			children = (
				76280D26298792940061206A /* Protocol */,
			);
			path = Calendar;
			sourceTree = "<group>";
		};
		76280D26298792940061206A /* Protocol */ = {
			isa = PBXGroup;
			children = (
			);
			path = Protocol;
			sourceTree = "<group>";
		};
		76280D272987929A0061206A /* Main */ = {
			isa = PBXGroup;
			children = (
				76280D282987929C0061206A /* Protocol */,
			);
			path = Main;
			sourceTree = "<group>";
		};
		76280D282987929C0061206A /* Protocol */ = {
			isa = PBXGroup;
			children = (
			);
			path = Protocol;
			sourceTree = "<group>";
		};
		76280D29298792A00061206A /* Auth */ = {
			isa = PBXGroup;
			children = (
				76280D2A298792A20061206A /* Protocol */,
			);
			path = Auth;
			sourceTree = "<group>";
		};
		76280D2A298792A20061206A /* Protocol */ = {
			isa = PBXGroup;
			children = (
			);
			path = Protocol;
			sourceTree = "<group>";
		};
		E52CF84B298A59C700829661 /* Enums */ = {
			isa = PBXGroup;
			children = (
				7628E68F298E4E9B002D86F2 /* FirestoreAPI.swift */,
				E552C1F1298B911F00F51179 /* OwnerType.swift */,
			);
			path = Enums;
			sourceTree = "<group>";
		};
		E5D433FC2988CD9F004EDFC7 /* Splash */ = {
			isa = PBXGroup;
			children = (
				76280CF129878A410061206A /* LaunchScreen.storyboard */,
				E5D433FF2988CDE5004EDFC7 /* SplashViewController.swift */,
			);
			path = Splash;
			sourceTree = "<group>";
		};
		E5D434012988D416004EDFC7 /* Etc */ = {
			isa = PBXGroup;
			children = (
				E5D4342D2988E22F004EDFC7 /* Dayeng-Book.json */,
			);
			path = Etc;
			sourceTree = "<group>";
		};
/* End PBXGroup section */

/* Begin PBXNativeTarget section */
		76280CE229878A3F0061206A /* Dayeng */ = {
			isa = PBXNativeTarget;
			buildConfigurationList = 76280CF729878A410061206A /* Build configuration list for PBXNativeTarget "Dayeng" */;
			buildPhases = (
				76280CDF29878A3F0061206A /* Sources */,
				76280CE029878A3F0061206A /* Frameworks */,
				76280CE129878A3F0061206A /* Resources */,
				76280D0D29878CC90061206A /* ShellScript */,
			);
			buildRules = (
			);
			dependencies = (
			);
			name = Dayeng;
			packageProductDependencies = (
				76280CFB29878B8C0061206A /* SnapKit */,
				76280CFE29878BAE0061206A /* RxCocoa */,
				76280D0029878BAE0061206A /* RxRelay */,
				76280D0229878BAE0061206A /* RxSwift */,
				76280D0529878C870061206A /* FirebaseAuth */,
				76280D0729878C870061206A /* FirebaseFirestore */,
				76280D0929878C870061206A /* FirebaseFirestoreSwift */,
				76280D0B29878C870061206A /* FirebaseMessaging */,
				76280D2C29879F770061206A /* Lottie */,
			);
			productName = Dayeng;
			productReference = 76280CE329878A3F0061206A /* Dayeng.app */;
			productType = "com.apple.product-type.application";
		};
/* End PBXNativeTarget section */

/* Begin PBXProject section */
		76280CDB29878A3F0061206A /* Project object */ = {
			isa = PBXProject;
			attributes = {
				BuildIndependentTargetsInParallel = 1;
				LastSwiftUpdateCheck = 1410;
				LastUpgradeCheck = 1410;
				TargetAttributes = {
					76280CE229878A3F0061206A = {
						CreatedOnToolsVersion = 14.1;
					};
				};
			};
			buildConfigurationList = 76280CDE29878A3F0061206A /* Build configuration list for PBXProject "Dayeng" */;
			compatibilityVersion = "Xcode 14.0";
			developmentRegion = en;
			hasScannedForEncodings = 0;
			knownRegions = (
				en,
				Base,
			);
			mainGroup = 76280CDA29878A3F0061206A;
			packageReferences = (
				76280CFA29878B8C0061206A /* XCRemoteSwiftPackageReference "SnapKit" */,
				76280CFD29878BAE0061206A /* XCRemoteSwiftPackageReference "RxSwift" */,
				76280D0429878C870061206A /* XCRemoteSwiftPackageReference "firebase-ios-sdk" */,
				76280D2B29879F770061206A /* XCRemoteSwiftPackageReference "lottie-ios" */,
			);
			productRefGroup = 76280CE429878A3F0061206A /* Products */;
			projectDirPath = "";
			projectRoot = "";
			targets = (
				76280CE229878A3F0061206A /* Dayeng */,
			);
		};
/* End PBXProject section */

/* Begin PBXResourcesBuildPhase section */
		76280CE129878A3F0061206A /* Resources */ = {
			isa = PBXResourcesBuildPhase;
			buildActionMask = 2147483647;
			files = (
				76280CF329878A410061206A /* LaunchScreen.storyboard in Resources */,
				E5D4342E2988E22F004EDFC7 /* Dayeng-Book.json in Resources */,
				76280CF029878A410061206A /* Assets.xcassets in Resources */,
				76280D2F2987A7B50061206A /* GoogleService-Info.plist in Resources */,
			);
			runOnlyForDeploymentPostprocessing = 0;
		};
/* End PBXResourcesBuildPhase section */

/* Begin PBXShellScriptBuildPhase section */
		76280D0D29878CC90061206A /* ShellScript */ = {
			isa = PBXShellScriptBuildPhase;
			buildActionMask = 2147483647;
			files = (
			);
			inputFileListPaths = (
			);
			inputPaths = (
			);
			outputFileListPaths = (
			);
			outputPaths = (
			);
			runOnlyForDeploymentPostprocessing = 0;
			shellPath = /bin/sh;
			shellScript = "if test -d \"/opt/homebrew/bin/\"; then\n  PATH=\"/opt/homebrew/bin/:${PATH}\"\nfi\n\nexport PATH\n\nif which swiftlint >/dev/null; then\n  swiftlint\nelse\n  echo \"warning: SwiftLint not installed, download from https://github.com/realm/SwiftLint\"\nfi\n";
		};
/* End PBXShellScriptBuildPhase section */

/* Begin PBXSourcesBuildPhase section */
		76280CDF29878A3F0061206A /* Sources */ = {
			isa = PBXSourcesBuildPhase;
			buildActionMask = 2147483647;
			files = (
				7628E68E298E4E83002D86F2 /* FirestoreDatabaseService.swift in Sources */,
				76280CEB29878A3F0061206A /* ViewController.swift in Sources */,
				76F6C0A9298D97A700A124CD /* MainEditViewController.swift in Sources */,
				7628E68C298E4E80002D86F2 /* DefaultFirestoreDatabaseService.swift in Sources */,
				7628E684298E4DA7002D86F2 /* DefaultUserRepository.swift in Sources */,
				E552C1F2298B911F00F51179 /* OwnerType.swift in Sources */,
				7628E680298E4D9C002D86F2 /* UserDTO.swift in Sources */,
				76280CE729878A3F0061206A /* AppDelegate.swift in Sources */,
				76280CE929878A3F0061206A /* SceneDelegate.swift in Sources */,
				E5D434002988CDE5004EDFC7 /* SplashViewController.swift in Sources */,
				76F6C0A5298D969700A124CD /* MainViewModel.swift in Sources */,
				76F6C0AD298D985F00A124CD /* Date+.swift in Sources */,
				76F6C0AB298D97EB00A124CD /* UIViewController+.swift in Sources */,
				E5D43435298A3291004EDFC7 /* CommonCalendarViewController.swift in Sources */,
				76F6C0A7298D96CF00A124CD /* CommonMainView.swift in Sources */,
				7628E68A298E4E76002D86F2 /* MainEditViewModel.swift in Sources */,
				76F6C0A3298D968D00A124CD /* MainViewController.swift in Sources */,
				E5D43439298A4892004EDFC7 /* NSTextAttachment+.swift in Sources */,
				7628E690298E4E9B002D86F2 /* FirestoreAPI.swift in Sources */,
				7628E682298E4DA4002D86F2 /* UserRepository.swift in Sources */,
				7628E686298E4DB4002D86F2 /* DefaultMainEditUseCase.swift in Sources */,
				E5D43437298A3905004EDFC7 /* CommonCalendarCell.swift in Sources */,
				7628E688298E4DC0002D86F2 /* User.swift in Sources */,
				76D47BB1298F91330091F8FB /* MainCell.swift in Sources */,
			);
			runOnlyForDeploymentPostprocessing = 0;
		};
/* End PBXSourcesBuildPhase section */

/* Begin PBXVariantGroup section */
		76280CF129878A410061206A /* LaunchScreen.storyboard */ = {
			isa = PBXVariantGroup;
			children = (
				76280CF229878A410061206A /* Base */,
			);
			name = LaunchScreen.storyboard;
			sourceTree = "<group>";
		};
/* End PBXVariantGroup section */

/* Begin XCBuildConfiguration section */
		76280CF529878A410061206A /* Debug */ = {
			isa = XCBuildConfiguration;
			buildSettings = {
				ALWAYS_SEARCH_USER_PATHS = NO;
				CLANG_ANALYZER_NONNULL = YES;
				CLANG_ANALYZER_NUMBER_OBJECT_CONVERSION = YES_AGGRESSIVE;
				CLANG_CXX_LANGUAGE_STANDARD = "gnu++20";
				CLANG_ENABLE_MODULES = YES;
				CLANG_ENABLE_OBJC_ARC = YES;
				CLANG_ENABLE_OBJC_WEAK = YES;
				CLANG_WARN_BLOCK_CAPTURE_AUTORELEASING = YES;
				CLANG_WARN_BOOL_CONVERSION = YES;
				CLANG_WARN_COMMA = YES;
				CLANG_WARN_CONSTANT_CONVERSION = YES;
				CLANG_WARN_DEPRECATED_OBJC_IMPLEMENTATIONS = YES;
				CLANG_WARN_DIRECT_OBJC_ISA_USAGE = YES_ERROR;
				CLANG_WARN_DOCUMENTATION_COMMENTS = YES;
				CLANG_WARN_EMPTY_BODY = YES;
				CLANG_WARN_ENUM_CONVERSION = YES;
				CLANG_WARN_INFINITE_RECURSION = YES;
				CLANG_WARN_INT_CONVERSION = YES;
				CLANG_WARN_NON_LITERAL_NULL_CONVERSION = YES;
				CLANG_WARN_OBJC_IMPLICIT_RETAIN_SELF = YES;
				CLANG_WARN_OBJC_LITERAL_CONVERSION = YES;
				CLANG_WARN_OBJC_ROOT_CLASS = YES_ERROR;
				CLANG_WARN_QUOTED_INCLUDE_IN_FRAMEWORK_HEADER = YES;
				CLANG_WARN_RANGE_LOOP_ANALYSIS = YES;
				CLANG_WARN_STRICT_PROTOTYPES = YES;
				CLANG_WARN_SUSPICIOUS_MOVE = YES;
				CLANG_WARN_UNGUARDED_AVAILABILITY = YES_AGGRESSIVE;
				CLANG_WARN_UNREACHABLE_CODE = YES;
				CLANG_WARN__DUPLICATE_METHOD_MATCH = YES;
				COPY_PHASE_STRIP = NO;
				DEBUG_INFORMATION_FORMAT = dwarf;
				ENABLE_STRICT_OBJC_MSGSEND = YES;
				ENABLE_TESTABILITY = YES;
				GCC_C_LANGUAGE_STANDARD = gnu11;
				GCC_DYNAMIC_NO_PIC = NO;
				GCC_NO_COMMON_BLOCKS = YES;
				GCC_OPTIMIZATION_LEVEL = 0;
				GCC_PREPROCESSOR_DEFINITIONS = (
					"DEBUG=1",
					"$(inherited)",
				);
				GCC_WARN_64_TO_32_BIT_CONVERSION = YES;
				GCC_WARN_ABOUT_RETURN_TYPE = YES_ERROR;
				GCC_WARN_UNDECLARED_SELECTOR = YES;
				GCC_WARN_UNINITIALIZED_AUTOS = YES_AGGRESSIVE;
				GCC_WARN_UNUSED_FUNCTION = YES;
				GCC_WARN_UNUSED_VARIABLE = YES;
				IPHONEOS_DEPLOYMENT_TARGET = 16.1;
				MTL_ENABLE_DEBUG_INFO = INCLUDE_SOURCE;
				MTL_FAST_MATH = YES;
				ONLY_ACTIVE_ARCH = YES;
				SDKROOT = iphoneos;
				SWIFT_ACTIVE_COMPILATION_CONDITIONS = DEBUG;
				SWIFT_OPTIMIZATION_LEVEL = "-Onone";
			};
			name = Debug;
		};
		76280CF629878A410061206A /* Release */ = {
			isa = XCBuildConfiguration;
			buildSettings = {
				ALWAYS_SEARCH_USER_PATHS = NO;
				CLANG_ANALYZER_NONNULL = YES;
				CLANG_ANALYZER_NUMBER_OBJECT_CONVERSION = YES_AGGRESSIVE;
				CLANG_CXX_LANGUAGE_STANDARD = "gnu++20";
				CLANG_ENABLE_MODULES = YES;
				CLANG_ENABLE_OBJC_ARC = YES;
				CLANG_ENABLE_OBJC_WEAK = YES;
				CLANG_WARN_BLOCK_CAPTURE_AUTORELEASING = YES;
				CLANG_WARN_BOOL_CONVERSION = YES;
				CLANG_WARN_COMMA = YES;
				CLANG_WARN_CONSTANT_CONVERSION = YES;
				CLANG_WARN_DEPRECATED_OBJC_IMPLEMENTATIONS = YES;
				CLANG_WARN_DIRECT_OBJC_ISA_USAGE = YES_ERROR;
				CLANG_WARN_DOCUMENTATION_COMMENTS = YES;
				CLANG_WARN_EMPTY_BODY = YES;
				CLANG_WARN_ENUM_CONVERSION = YES;
				CLANG_WARN_INFINITE_RECURSION = YES;
				CLANG_WARN_INT_CONVERSION = YES;
				CLANG_WARN_NON_LITERAL_NULL_CONVERSION = YES;
				CLANG_WARN_OBJC_IMPLICIT_RETAIN_SELF = YES;
				CLANG_WARN_OBJC_LITERAL_CONVERSION = YES;
				CLANG_WARN_OBJC_ROOT_CLASS = YES_ERROR;
				CLANG_WARN_QUOTED_INCLUDE_IN_FRAMEWORK_HEADER = YES;
				CLANG_WARN_RANGE_LOOP_ANALYSIS = YES;
				CLANG_WARN_STRICT_PROTOTYPES = YES;
				CLANG_WARN_SUSPICIOUS_MOVE = YES;
				CLANG_WARN_UNGUARDED_AVAILABILITY = YES_AGGRESSIVE;
				CLANG_WARN_UNREACHABLE_CODE = YES;
				CLANG_WARN__DUPLICATE_METHOD_MATCH = YES;
				COPY_PHASE_STRIP = NO;
				DEBUG_INFORMATION_FORMAT = "dwarf-with-dsym";
				ENABLE_NS_ASSERTIONS = NO;
				ENABLE_STRICT_OBJC_MSGSEND = YES;
				GCC_C_LANGUAGE_STANDARD = gnu11;
				GCC_NO_COMMON_BLOCKS = YES;
				GCC_WARN_64_TO_32_BIT_CONVERSION = YES;
				GCC_WARN_ABOUT_RETURN_TYPE = YES_ERROR;
				GCC_WARN_UNDECLARED_SELECTOR = YES;
				GCC_WARN_UNINITIALIZED_AUTOS = YES_AGGRESSIVE;
				GCC_WARN_UNUSED_FUNCTION = YES;
				GCC_WARN_UNUSED_VARIABLE = YES;
				IPHONEOS_DEPLOYMENT_TARGET = 16.1;
				MTL_ENABLE_DEBUG_INFO = NO;
				MTL_FAST_MATH = YES;
				SDKROOT = iphoneos;
				SWIFT_COMPILATION_MODE = wholemodule;
				SWIFT_OPTIMIZATION_LEVEL = "-O";
				VALIDATE_PRODUCT = YES;
			};
			name = Release;
		};
		76280CF829878A410061206A /* Debug */ = {
			isa = XCBuildConfiguration;
			buildSettings = {
				ASSETCATALOG_COMPILER_APPICON_NAME = AppIcon;
				ASSETCATALOG_COMPILER_GLOBAL_ACCENT_COLOR_NAME = AccentColor;
				CODE_SIGN_STYLE = Automatic;
				CURRENT_PROJECT_VERSION = 1;
				DEVELOPMENT_TEAM = 5R9YHBW9BJ;
				GENERATE_INFOPLIST_FILE = YES;
				INFOPLIST_FILE = Dayeng/App/Info.plist;
				INFOPLIST_KEY_UIApplicationSupportsIndirectInputEvents = YES;
				INFOPLIST_KEY_UILaunchStoryboardName = LaunchScreen;
				INFOPLIST_KEY_UISupportedInterfaceOrientations_iPad = "UIInterfaceOrientationPortrait UIInterfaceOrientationPortraitUpsideDown UIInterfaceOrientationLandscapeLeft UIInterfaceOrientationLandscapeRight";
				INFOPLIST_KEY_UISupportedInterfaceOrientations_iPhone = "UIInterfaceOrientationPortrait UIInterfaceOrientationLandscapeLeft UIInterfaceOrientationLandscapeRight";
				LD_RUNPATH_SEARCH_PATHS = (
					"$(inherited)",
					"@executable_path/Frameworks",
				);
				MARKETING_VERSION = 1.0;
				PRODUCT_BUNDLE_IDENTIFIER = "cho-seungki.Dayeng";
				PRODUCT_NAME = "$(TARGET_NAME)";
				SWIFT_EMIT_LOC_STRINGS = YES;
				SWIFT_VERSION = 5.0;
				TARGETED_DEVICE_FAMILY = "1,2";
			};
			name = Debug;
		};
		76280CF929878A410061206A /* Release */ = {
			isa = XCBuildConfiguration;
			buildSettings = {
				ASSETCATALOG_COMPILER_APPICON_NAME = AppIcon;
				ASSETCATALOG_COMPILER_GLOBAL_ACCENT_COLOR_NAME = AccentColor;
				CODE_SIGN_STYLE = Automatic;
				CURRENT_PROJECT_VERSION = 1;
				DEVELOPMENT_TEAM = 5R9YHBW9BJ;
				GENERATE_INFOPLIST_FILE = YES;
				INFOPLIST_FILE = Dayeng/App/Info.plist;
				INFOPLIST_KEY_UIApplicationSupportsIndirectInputEvents = YES;
				INFOPLIST_KEY_UILaunchStoryboardName = LaunchScreen;
				INFOPLIST_KEY_UISupportedInterfaceOrientations_iPad = "UIInterfaceOrientationPortrait UIInterfaceOrientationPortraitUpsideDown UIInterfaceOrientationLandscapeLeft UIInterfaceOrientationLandscapeRight";
				INFOPLIST_KEY_UISupportedInterfaceOrientations_iPhone = "UIInterfaceOrientationPortrait UIInterfaceOrientationLandscapeLeft UIInterfaceOrientationLandscapeRight";
				LD_RUNPATH_SEARCH_PATHS = (
					"$(inherited)",
					"@executable_path/Frameworks",
				);
				MARKETING_VERSION = 1.0;
				PRODUCT_BUNDLE_IDENTIFIER = "cho-seungki.Dayeng";
				PRODUCT_NAME = "$(TARGET_NAME)";
				SWIFT_EMIT_LOC_STRINGS = YES;
				SWIFT_VERSION = 5.0;
				TARGETED_DEVICE_FAMILY = "1,2";
			};
			name = Release;
		};
/* End XCBuildConfiguration section */

/* Begin XCConfigurationList section */
		76280CDE29878A3F0061206A /* Build configuration list for PBXProject "Dayeng" */ = {
			isa = XCConfigurationList;
			buildConfigurations = (
				76280CF529878A410061206A /* Debug */,
				76280CF629878A410061206A /* Release */,
			);
			defaultConfigurationIsVisible = 0;
			defaultConfigurationName = Release;
		};
		76280CF729878A410061206A /* Build configuration list for PBXNativeTarget "Dayeng" */ = {
			isa = XCConfigurationList;
			buildConfigurations = (
				76280CF829878A410061206A /* Debug */,
				76280CF929878A410061206A /* Release */,
			);
			defaultConfigurationIsVisible = 0;
			defaultConfigurationName = Release;
		};
/* End XCConfigurationList section */

/* Begin XCRemoteSwiftPackageReference section */
		76280CFA29878B8C0061206A /* XCRemoteSwiftPackageReference "SnapKit" */ = {
			isa = XCRemoteSwiftPackageReference;
			repositoryURL = "https://github.com/SnapKit/SnapKit";
			requirement = {
				kind = upToNextMajorVersion;
				minimumVersion = 5.0.0;
			};
		};
		76280CFD29878BAE0061206A /* XCRemoteSwiftPackageReference "RxSwift" */ = {
			isa = XCRemoteSwiftPackageReference;
			repositoryURL = "https://github.com/ReactiveX/RxSwift";
			requirement = {
				branch = main;
				kind = branch;
			};
		};
		76280D0429878C870061206A /* XCRemoteSwiftPackageReference "firebase-ios-sdk" */ = {
			isa = XCRemoteSwiftPackageReference;
			repositoryURL = "https://github.com/firebase/firebase-ios-sdk.git";
			requirement = {
				branch = master;
				kind = branch;
			};
		};
		76280D2B29879F770061206A /* XCRemoteSwiftPackageReference "lottie-ios" */ = {
			isa = XCRemoteSwiftPackageReference;
			repositoryURL = "https://github.com/airbnb/lottie-ios";
			requirement = {
				kind = upToNextMajorVersion;
				minimumVersion = 4.0.0;
			};
		};
/* End XCRemoteSwiftPackageReference section */

/* Begin XCSwiftPackageProductDependency section */
		76280CFB29878B8C0061206A /* SnapKit */ = {
			isa = XCSwiftPackageProductDependency;
			package = 76280CFA29878B8C0061206A /* XCRemoteSwiftPackageReference "SnapKit" */;
			productName = SnapKit;
		};
		76280CFE29878BAE0061206A /* RxCocoa */ = {
			isa = XCSwiftPackageProductDependency;
			package = 76280CFD29878BAE0061206A /* XCRemoteSwiftPackageReference "RxSwift" */;
			productName = RxCocoa;
		};
		76280D0029878BAE0061206A /* RxRelay */ = {
			isa = XCSwiftPackageProductDependency;
			package = 76280CFD29878BAE0061206A /* XCRemoteSwiftPackageReference "RxSwift" */;
			productName = RxRelay;
		};
		76280D0229878BAE0061206A /* RxSwift */ = {
			isa = XCSwiftPackageProductDependency;
			package = 76280CFD29878BAE0061206A /* XCRemoteSwiftPackageReference "RxSwift" */;
			productName = RxSwift;
		};
		76280D0529878C870061206A /* FirebaseAuth */ = {
			isa = XCSwiftPackageProductDependency;
			package = 76280D0429878C870061206A /* XCRemoteSwiftPackageReference "firebase-ios-sdk" */;
			productName = FirebaseAuth;
		};
		76280D0729878C870061206A /* FirebaseFirestore */ = {
			isa = XCSwiftPackageProductDependency;
			package = 76280D0429878C870061206A /* XCRemoteSwiftPackageReference "firebase-ios-sdk" */;
			productName = FirebaseFirestore;
		};
		76280D0929878C870061206A /* FirebaseFirestoreSwift */ = {
			isa = XCSwiftPackageProductDependency;
			package = 76280D0429878C870061206A /* XCRemoteSwiftPackageReference "firebase-ios-sdk" */;
			productName = FirebaseFirestoreSwift;
		};
		76280D0B29878C870061206A /* FirebaseMessaging */ = {
			isa = XCSwiftPackageProductDependency;
			package = 76280D0429878C870061206A /* XCRemoteSwiftPackageReference "firebase-ios-sdk" */;
			productName = FirebaseMessaging;
		};
		76280D2C29879F770061206A /* Lottie */ = {
			isa = XCSwiftPackageProductDependency;
			package = 76280D2B29879F770061206A /* XCRemoteSwiftPackageReference "lottie-ios" */;
			productName = Lottie;
		};
/* End XCSwiftPackageProductDependency section */
	};
	rootObject = 76280CDB29878A3F0061206A /* Project object */;
}
